// !$*UTF8*$!
{
	archiveVersion = 1;
	classes = {
	};
	objectVersion = 52;
	objects = {

/* Begin PBXBuildFile section */
		1FDAC2045C226F5D3F5FBCCA /* libPods-InfectionControl.a in Frameworks */ = {isa = PBXBuildFile; fileRef = 23FB8FD53479FED1242289DB /* libPods-InfectionControl.a */; };
		7A261D2F401AA94939510842 /* libPods-InfectionControlUITests.a in Frameworks */ = {isa = PBXBuildFile; fileRef = 1AEF79149DBD65BEB1A76D89 /* libPods-InfectionControlUITests.a */; };
		BF0711EF2AB612C20054F08A /* DataFactory.swift in Sources */ = {isa = PBXBuildFile; fileRef = BF0711EE2AB612C20054F08A /* DataFactory.swift */; };
		BF081E512AD1BD7D00F9DE83 /* ReportDTOTests.swift in Sources */ = {isa = PBXBuildFile; fileRef = BF081E502AD1BD7D00F9DE83 /* ReportDTOTests.swift */; };
		BF0ADCD3282CC77000A58BCB /* ReportTableCellViewModelTests.swift in Sources */ = {isa = PBXBuildFile; fileRef = BF0ADCD2282CC77000A58BCB /* ReportTableCellViewModelTests.swift */; };
		BF0ADCD5282CC90D00A58BCB /* ReportTableViewModelTests.swift in Sources */ = {isa = PBXBuildFile; fileRef = BF0ADCD4282CC90D00A58BCB /* ReportTableViewModelTests.swift */; };
		BF145A612ABC1C5F001F00D9 /* MockError.swift in Sources */ = {isa = PBXBuildFile; fileRef = BF145A602ABC1C5F001F00D9 /* MockError.swift */; };
		BF145A652ABC40BE001F00D9 /* MockCodable.swift in Sources */ = {isa = PBXBuildFile; fileRef = BF145A642ABC40BE001F00D9 /* MockCodable.swift */; };
		BF1A338F22582161009F48AA /* MakeNewReportCell.swift in Sources */ = {isa = PBXBuildFile; fileRef = BF1A338E22582161009F48AA /* MakeNewReportCell.swift */; };
		BF1A339122585982009F48AA /* ReportSectionReusableView.swift in Sources */ = {isa = PBXBuildFile; fileRef = BF1A339022585982009F48AA /* ReportSectionReusableView.swift */; };
		BF2194E4286183AC00FD769D /* CommonHeader.swift in Sources */ = {isa = PBXBuildFile; fileRef = BF2194E3286183AC00FD769D /* CommonHeader.swift */; };
		BF2194E62863E23200FD769D /* ProfileViewModelTests.swift in Sources */ = {isa = PBXBuildFile; fileRef = BF2194E52863E23200FD769D /* ProfileViewModelTests.swift */; };
		BF2194E82864422A00FD769D /* ProfileViewUITests.swift in Sources */ = {isa = PBXBuildFile; fileRef = BF2194E72864422A00FD769D /* ProfileViewUITests.swift */; };
		BF2194EA2865A3EF00FD769D /* EmployeeTableViewRobot.swift in Sources */ = {isa = PBXBuildFile; fileRef = BF2194E92865A3EE00FD769D /* EmployeeTableViewRobot.swift */; };
		BF2194EC2865A43900FD769D /* BaseRobots.swift in Sources */ = {isa = PBXBuildFile; fileRef = BF2194EB2865A43900FD769D /* BaseRobots.swift */; };
		BF2194EE2865A5AE00FD769D /* ProfileViewRobot.swift in Sources */ = {isa = PBXBuildFile; fileRef = BF2194ED2865A5AE00FD769D /* ProfileViewRobot.swift */; };
		BF2194F02865A5ED00FD769D /* CreateReportViewRobot.swift in Sources */ = {isa = PBXBuildFile; fileRef = BF2194EF2865A5ED00FD769D /* CreateReportViewRobot.swift */; };
		BF2194F22865A61100FD769D /* SettingsViewRobot.swift in Sources */ = {isa = PBXBuildFile; fileRef = BF2194F12865A61100FD769D /* SettingsViewRobot.swift */; };
		BF2194F42865A66500FD769D /* ReportTableViewRobot.swift in Sources */ = {isa = PBXBuildFile; fileRef = BF2194F32865A66500FD769D /* ReportTableViewRobot.swift */; };
		BF2194F62865A77900FD769D /* SettingsViewUITests.swift in Sources */ = {isa = PBXBuildFile; fileRef = BF2194F52865A77900FD769D /* SettingsViewUITests.swift */; };
		BF2194F828667CF700FD769D /* ProfileListSection.swift in Sources */ = {isa = PBXBuildFile; fileRef = BF2194F728667CF700FD769D /* ProfileListSection.swift */; };
		BF2194FA2866805400FD769D /* CreateReportVcPickerConfig.swift in Sources */ = {isa = PBXBuildFile; fileRef = BF2194F92866805400FD769D /* CreateReportVcPickerConfig.swift */; };
		BF2194FC2866914100FD769D /* EmployeeListSearchController.swift in Sources */ = {isa = PBXBuildFile; fileRef = BF2194FB2866914100FD769D /* EmployeeListSearchController.swift */; };
		BF291F132ABE61A600AAB4C3 /* MockReportRepository.swift in Sources */ = {isa = PBXBuildFile; fileRef = BF291F122ABE61A600AAB4C3 /* MockReportRepository.swift */; };
		BF291F152ABE669D00AAB4C3 /* MockHealthPracticeRepository.swift in Sources */ = {isa = PBXBuildFile; fileRef = BF291F142ABE669D00AAB4C3 /* MockHealthPracticeRepository.swift */; };
		BF291F172ABF49C900AAB4C3 /* MockLocationRepository.swift in Sources */ = {isa = PBXBuildFile; fileRef = BF291F162ABF49C900AAB4C3 /* MockLocationRepository.swift */; };
		BF291F192ABF4A2800AAB4C3 /* MockPrecautionRepository.swift in Sources */ = {isa = PBXBuildFile; fileRef = BF291F182ABF4A2800AAB4C3 /* MockPrecautionRepository.swift */; };
		BF29989428259C91008DE3E9 /* BaseTypeConvertibleProtocol.swift in Sources */ = {isa = PBXBuildFile; fileRef = BF29989328259C91008DE3E9 /* BaseTypeConvertibleProtocol.swift */; };
		BF2CAEC02807FF25006AFF05 /* ReportTests.swift in Sources */ = {isa = PBXBuildFile; fileRef = BF2CAEBF2807FF25006AFF05 /* ReportTests.swift */; };
		BF2CAEC2280B54FB006AFF05 /* AppNetworkManagerTests.swift in Sources */ = {isa = PBXBuildFile; fileRef = BF2CAEC1280B54FB006AFF05 /* AppNetworkManagerTests.swift */; };
		BF369D462ACAC3A20077DA93 /* JsonFactory.swift in Sources */ = {isa = PBXBuildFile; fileRef = BF369D452ACAC3A20077DA93 /* JsonFactory.swift */; };
		BF382CD12AC948D700838254 /* CodableDefaults.swift in Sources */ = {isa = PBXBuildFile; fileRef = BF382CD02AC948D700838254 /* CodableDefaults.swift */; };
		BF382CD32AC94A5F00838254 /* DataExtensions.swift in Sources */ = {isa = PBXBuildFile; fileRef = BF382CD22AC94A5F00838254 /* DataExtensions.swift */; };
		BF3849F4281B8CBC00670689 /* LocationDTOTests.swift in Sources */ = {isa = PBXBuildFile; fileRef = BF3849F3281B8CBC00670689 /* LocationDTOTests.swift */; };
		BF3849FA281BCB8600670689 /* HealthPracticeDTOTests.swift in Sources */ = {isa = PBXBuildFile; fileRef = BF3849F9281BCB8600670689 /* HealthPracticeDTOTests.swift */; };
		BF3849FC281BCFAD00670689 /* PrecautionDTOTests.swift in Sources */ = {isa = PBXBuildFile; fileRef = BF3849FB281BCFAD00670689 /* PrecautionDTOTests.swift */; };
		BF3A47872838C8BD00362F09 /* CreateReportCvRobot.swift in Sources */ = {isa = PBXBuildFile; fileRef = BF3A47862838C8BD00362F09 /* CreateReportCvRobot.swift */; };
		BF3A478A283C0C1600362F09 /* ProfileViewController.swift in Sources */ = {isa = PBXBuildFile; fileRef = BF3A4789283C0C1600362F09 /* ProfileViewController.swift */; };
		BF3A478C283C0D4600362F09 /* ProfileView.swift in Sources */ = {isa = PBXBuildFile; fileRef = BF3A478B283C0D4600362F09 /* ProfileView.swift */; };
		BF3A478E283C0D8400362F09 /* ProfileViewModel.swift in Sources */ = {isa = PBXBuildFile; fileRef = BF3A478D283C0D8400362F09 /* ProfileViewModel.swift */; };
		BF4C81C522AE148500341CD1 /* SettingsViewController.swift in Sources */ = {isa = PBXBuildFile; fileRef = BF4C81C422AE148500341CD1 /* SettingsViewController.swift */; };
		BF55668D22546169004A13C8 /* CreateReportCollectionView.swift in Sources */ = {isa = PBXBuildFile; fileRef = BF55668C22546169004A13C8 /* CreateReportCollectionView.swift */; };
		BF55668F22546965004A13C8 /* Profession.swift in Sources */ = {isa = PBXBuildFile; fileRef = BF55668E22546965004A13C8 /* Profession.swift */; };
		BF55669222546E8C004A13C8 /* Employee.swift in Sources */ = {isa = PBXBuildFile; fileRef = BF55669122546E8C004A13C8 /* Employee.swift */; };
		BF556694225470BD004A13C8 /* Location.swift in Sources */ = {isa = PBXBuildFile; fileRef = BF556693225470BD004A13C8 /* Location.swift */; };
		BF55669622547242004A13C8 /* HealthPractice.swift in Sources */ = {isa = PBXBuildFile; fileRef = BF55669522547242004A13C8 /* HealthPractice.swift */; };
		BF5566982254724D004A13C8 /* Precaution.swift in Sources */ = {isa = PBXBuildFile; fileRef = BF5566972254724D004A13C8 /* Precaution.swift */; };
		BF55669A2254725F004A13C8 /* Report.swift in Sources */ = {isa = PBXBuildFile; fileRef = BF5566992254725F004A13C8 /* Report.swift */; };
		BF82706A29B02CE9004542C8 /* DataSourceGenerics.swift in Sources */ = {isa = PBXBuildFile; fileRef = BF82706929B02CE9004542C8 /* DataSourceGenerics.swift */; };
		BF82706C29B02D50004542C8 /* EmployeeDataSource.swift in Sources */ = {isa = PBXBuildFile; fileRef = BF82706B29B02D50004542C8 /* EmployeeDataSource.swift */; };
		BF82706E29B02DAE004542C8 /* EmployeeRepository.swift in Sources */ = {isa = PBXBuildFile; fileRef = BF82706D29B02DAE004542C8 /* EmployeeRepository.swift */; };
		BF82707729B030E5004542C8 /* MockNetworking.swift in Sources */ = {isa = PBXBuildFile; fileRef = BF82707629B030E5004542C8 /* MockNetworking.swift */; };
		BF82707929B0320A004542C8 /* MockEmployeeDataSource.swift in Sources */ = {isa = PBXBuildFile; fileRef = BF82707829B0320A004542C8 /* MockEmployeeDataSource.swift */; };
		BF82707B29B0328D004542C8 /* MockEmployeeRepository.swift in Sources */ = {isa = PBXBuildFile; fileRef = BF82707A29B0328D004542C8 /* MockEmployeeRepository.swift */; };
		BF82707D29B03359004542C8 /* DataSourceGenericsTests.swift in Sources */ = {isa = PBXBuildFile; fileRef = BF82707C29B03359004542C8 /* DataSourceGenericsTests.swift */; };
		BF82707F29B0338E004542C8 /* EmployeeDataSourceTests.swift in Sources */ = {isa = PBXBuildFile; fileRef = BF82707E29B0338D004542C8 /* EmployeeDataSourceTests.swift */; };
		BF82708129B033C5004542C8 /* EmployeeRepositoryTests.swift in Sources */ = {isa = PBXBuildFile; fileRef = BF82708029B033C5004542C8 /* EmployeeRepositoryTests.swift */; };
		BF82708329B03750004542C8 /* EmployeeListTableCellViewModel.swift in Sources */ = {isa = PBXBuildFile; fileRef = BF82708229B03750004542C8 /* EmployeeListTableCellViewModel.swift */; };
		BF82708529B0380D004542C8 /* EmployeeListViewModel.swift in Sources */ = {isa = PBXBuildFile; fileRef = BF82708429B0380D004542C8 /* EmployeeListViewModel.swift */; };
		BF82708729B0467F004542C8 /* EmployeeListViewModelTests.swift in Sources */ = {isa = PBXBuildFile; fileRef = BF82708629B0467F004542C8 /* EmployeeListViewModelTests.swift */; };
		BF85CFBF281C889B0022F18E /* ProfessionDTOTests.swift in Sources */ = {isa = PBXBuildFile; fileRef = BF85CFBE281C889B0022F18E /* ProfessionDTOTests.swift */; };
		BF85CFC1281E6C850022F18E /* EmployeeDTOTests.swift in Sources */ = {isa = PBXBuildFile; fileRef = BF85CFC0281E6C850022F18E /* EmployeeDTOTests.swift */; };
		BF85F8292AAAA9D5009B41DF /* HealthPracticeDataSource.swift in Sources */ = {isa = PBXBuildFile; fileRef = BF85F8282AAAA9D5009B41DF /* HealthPracticeDataSource.swift */; };
		BF85F82B2AAAAA59009B41DF /* LocationDataSource.swift in Sources */ = {isa = PBXBuildFile; fileRef = BF85F82A2AAAAA59009B41DF /* LocationDataSource.swift */; };
		BF85F82D2AAAAAC3009B41DF /* PrecautionDataSource.swift in Sources */ = {isa = PBXBuildFile; fileRef = BF85F82C2AAAAAC3009B41DF /* PrecautionDataSource.swift */; };
		BF85F82F2AAAADFE009B41DF /* HealthPracticeDataSourceTests.swift in Sources */ = {isa = PBXBuildFile; fileRef = BF85F82E2AAAADFE009B41DF /* HealthPracticeDataSourceTests.swift */; };
		BF85F8312AAAFAB8009B41DF /* LocationDataSourceTests.swift in Sources */ = {isa = PBXBuildFile; fileRef = BF85F8302AAAFAB8009B41DF /* LocationDataSourceTests.swift */; };
		BF85F8332AAAFADE009B41DF /* PrecautionDataSourceTests.swift in Sources */ = {isa = PBXBuildFile; fileRef = BF85F8322AAAFADE009B41DF /* PrecautionDataSourceTests.swift */; };
		BF8E7247284558C2008A8DEF /* UIColorExtensionTests.swift in Sources */ = {isa = PBXBuildFile; fileRef = BF8E7246284558C2008A8DEF /* UIColorExtensionTests.swift */; };
		BF8E724B28489DFD008A8DEF /* HealthPracticeTests.swift in Sources */ = {isa = PBXBuildFile; fileRef = BF8E724A28489DFD008A8DEF /* HealthPracticeTests.swift */; };
		BF8E724D28489F7B008A8DEF /* PrecautionTests.swift in Sources */ = {isa = PBXBuildFile; fileRef = BF8E724C28489F7B008A8DEF /* PrecautionTests.swift */; };
		BF8E724F2848A041008A8DEF /* CreateReportViewModelTests.swift in Sources */ = {isa = PBXBuildFile; fileRef = BF8E724E2848A041008A8DEF /* CreateReportViewModelTests.swift */; };
		BF8E7251284D78C0008A8DEF /* CreateReportVcUITests.swift in Sources */ = {isa = PBXBuildFile; fileRef = BF8E7250284D78BF008A8DEF /* CreateReportVcUITests.swift */; };
		BF8E7253284DF656008A8DEF /* CommonUIViewFactory.swift in Sources */ = {isa = PBXBuildFile; fileRef = BF8E7252284DF656008A8DEF /* CommonUIViewFactory.swift */; };
		BF8E7255284F0DFD008A8DEF /* EmployeeRow.swift in Sources */ = {isa = PBXBuildFile; fileRef = BF8E7254284F0DFD008A8DEF /* EmployeeRow.swift */; };
		BF8E7257284F27FA008A8DEF /* EmployeeListView.swift in Sources */ = {isa = PBXBuildFile; fileRef = BF8E7256284F27FA008A8DEF /* EmployeeListView.swift */; };
		BF8E7259284FEAB8008A8DEF /* ReportListView.swift in Sources */ = {isa = PBXBuildFile; fileRef = BF8E7258284FEAB8008A8DEF /* ReportListView.swift */; };
		BF8E725B284FF49A008A8DEF /* ReportRow.swift in Sources */ = {isa = PBXBuildFile; fileRef = BF8E725A284FF49A008A8DEF /* ReportRow.swift */; };
		BF8E725D285073C7008A8DEF /* BasicShapes.swift in Sources */ = {isa = PBXBuildFile; fileRef = BF8E725C285073C7008A8DEF /* BasicShapes.swift */; };
		BF8E725F2852FBF2008A8DEF /* EmployeePerformanceIcon.swift in Sources */ = {isa = PBXBuildFile; fileRef = BF8E725E2852FBF2008A8DEF /* EmployeePerformanceIcon.swift */; };
		BF8E7262285595F3008A8DEF /* ReportDetailView.swift in Sources */ = {isa = PBXBuildFile; fileRef = BF8E7261285595F3008A8DEF /* ReportDetailView.swift */; };
		BF8E72642855D6EA008A8DEF /* TabBarConfig.swift in Sources */ = {isa = PBXBuildFile; fileRef = BF8E72632855D6EA008A8DEF /* TabBarConfig.swift */; };
		BF8E726628571040008A8DEF /* BaseStyling.swift in Sources */ = {isa = PBXBuildFile; fileRef = BF8E726528571040008A8DEF /* BaseStyling.swift */; };
		BF8E726828583895008A8DEF /* SettingsView.swift in Sources */ = {isa = PBXBuildFile; fileRef = BF8E726728583895008A8DEF /* SettingsView.swift */; };
		BF9A4F0D22ADE9A200769C49 /* UserDefaultsExtension.swift in Sources */ = {isa = PBXBuildFile; fileRef = BF9A4F0C22ADE9A200769C49 /* UserDefaultsExtension.swift */; };
		BF9A4F0F22ADED1000769C49 /* UIColorExtension.swift in Sources */ = {isa = PBXBuildFile; fileRef = BF9A4F0E22ADED1000769C49 /* UIColorExtension.swift */; };
		BF9D0E70228291F7003A8913 /* ReportTableViewCell.swift in Sources */ = {isa = PBXBuildFile; fileRef = BF9D0E6F228291F7003A8913 /* ReportTableViewCell.swift */; };
		BF9D0E7222829AA0003A8913 /* ReportTableViewController.swift in Sources */ = {isa = PBXBuildFile; fileRef = BF9D0E7122829AA0003A8913 /* ReportTableViewController.swift */; };
		BFA3D093286EDE0500C6112E /* ViewExtensions.swift in Sources */ = {isa = PBXBuildFile; fileRef = BFA3D092286EDE0500C6112E /* ViewExtensions.swift */; };
		BFA3D096287161D100C6112E /* NavigableRow.swift in Sources */ = {isa = PBXBuildFile; fileRef = BFA3D095287161D100C6112E /* NavigableRow.swift */; };
		BFA3D0982871621300C6112E /* CommonRowRightSubtitle.swift in Sources */ = {isa = PBXBuildFile; fileRef = BFA3D0972871621300C6112E /* CommonRowRightSubtitle.swift */; };
		BFA3D09B287164D600C6112E /* CommonRow.swift in Sources */ = {isa = PBXBuildFile; fileRef = BFA3D09A287164D600C6112E /* CommonRow.swift */; };
		BFA3D09D287297AA00C6112E /* CommonRowSubtitled.swift in Sources */ = {isa = PBXBuildFile; fileRef = BFA3D09C287297AA00C6112E /* CommonRowSubtitled.swift */; };
		BFA3D0A12873BDBE00C6112E /* CommonStyling.swift in Sources */ = {isa = PBXBuildFile; fileRef = BFA3D0A02873BDBE00C6112E /* CommonStyling.swift */; };
		BFA3D0A42873E44000C6112E /* LocationTests.swift in Sources */ = {isa = PBXBuildFile; fileRef = BFA3D0A32873E44000C6112E /* LocationTests.swift */; };
		BFA3D0A62873E44D00C6112E /* EmployeeTests.swift in Sources */ = {isa = PBXBuildFile; fileRef = BFA3D0A52873E44D00C6112E /* EmployeeTests.swift */; };
		BFA3D0A82873E45D00C6112E /* ProfessionTests.swift in Sources */ = {isa = PBXBuildFile; fileRef = BFA3D0A72873E45D00C6112E /* ProfessionTests.swift */; };
		BFA5BE3F2AD84EFA003291F5 /* DataExtensionsTests.swift in Sources */ = {isa = PBXBuildFile; fileRef = BFA5BE3E2AD84EFA003291F5 /* DataExtensionsTests.swift */; };
		BFBC94B0283055DB00B7776E /* NetworkManagerProtocol.swift in Sources */ = {isa = PBXBuildFile; fileRef = BFBC94AF283055DB00B7776E /* NetworkManagerProtocol.swift */; };
		BFBFA47A2ADA443500A850CE /* Kingfisher in Frameworks */ = {isa = PBXBuildFile; productRef = BFBFA4792ADA443500A850CE /* Kingfisher */; };
		BFC659E522965A770023CE7A /* ReportTableCellViewModel.swift in Sources */ = {isa = PBXBuildFile; fileRef = BFC659E422965A770023CE7A /* ReportTableCellViewModel.swift */; };
		BFC659E722965B290023CE7A /* ReportTableViewModel.swift in Sources */ = {isa = PBXBuildFile; fileRef = BFC659E622965B290023CE7A /* ReportTableViewModel.swift */; };
		BFC659E9229677F70023CE7A /* CreateReportCvDelegate.swift in Sources */ = {isa = PBXBuildFile; fileRef = BFC659E8229677F70023CE7A /* CreateReportCvDelegate.swift */; };
		BFC659EB22967CB10023CE7A /* CreateReportCvDataSource.swift in Sources */ = {isa = PBXBuildFile; fileRef = BFC659EA22967CB10023CE7A /* CreateReportCvDataSource.swift */; };
		BFD094E8224EBFC500953498 /* AppDelegate.swift in Sources */ = {isa = PBXBuildFile; fileRef = BFD094E7224EBFC500953498 /* AppDelegate.swift */; };
		BFD094ED224EBFC600953498 /* Main.storyboard in Resources */ = {isa = PBXBuildFile; fileRef = BFD094EB224EBFC600953498 /* Main.storyboard */; };
		BFD094F0224EBFC600953498 /* InfectionControl.xcdatamodeld in Sources */ = {isa = PBXBuildFile; fileRef = BFD094EE224EBFC600953498 /* InfectionControl.xcdatamodeld */; };
		BFD094F2224EBFC700953498 /* Assets.xcassets in Resources */ = {isa = PBXBuildFile; fileRef = BFD094F1224EBFC700953498 /* Assets.xcassets */; };
		BFD094F5224EBFC700953498 /* LaunchScreen.storyboard in Resources */ = {isa = PBXBuildFile; fileRef = BFD094F3224EBFC700953498 /* LaunchScreen.storyboard */; };
		BFD09500224EBFC700953498 /* InfectionControlTests.swift in Sources */ = {isa = PBXBuildFile; fileRef = BFD094FF224EBFC700953498 /* InfectionControlTests.swift */; };
		BFD0950B224EBFC800953498 /* BaseUITests.swift in Sources */ = {isa = PBXBuildFile; fileRef = BFD0950A224EBFC800953498 /* BaseUITests.swift */; };
		BFD84F4829B3B83B0060196D /* ReportDataSource.swift in Sources */ = {isa = PBXBuildFile; fileRef = BFD84F4729B3B83B0060196D /* ReportDataSource.swift */; };
		BFD84F4A29B3EC300060196D /* ReportRepository.swift in Sources */ = {isa = PBXBuildFile; fileRef = BFD84F4929B3EC300060196D /* ReportRepository.swift */; };
		BFD84F4C29B3EF940060196D /* RepositoryGenerics.swift in Sources */ = {isa = PBXBuildFile; fileRef = BFD84F4B29B3EF940060196D /* RepositoryGenerics.swift */; };
		BFD9418E29AF4D3F00F8A78D /* README.md in Resources */ = {isa = PBXBuildFile; fileRef = BFD9418D29AF4D3F00F8A78D /* README.md */; };
		BFE2B57D229335F30096BA9C /* CreateReportViewController.swift in Sources */ = {isa = PBXBuildFile; fileRef = BFE2B57C229335F30096BA9C /* CreateReportViewController.swift */; };
		BFE53F6829B4295F00B4846F /* RepositoryGenericsTests.swift in Sources */ = {isa = PBXBuildFile; fileRef = BFE53F6729B4295F00B4846F /* RepositoryGenericsTests.swift */; };
		BFE53F6A29B431A000B4846F /* ReportRepositoryTests.swift in Sources */ = {isa = PBXBuildFile; fileRef = BFE53F6929B431A000B4846F /* ReportRepositoryTests.swift */; };
		BFE76542229FD0460067A3C9 /* EmployeeListTableViewController.swift in Sources */ = {isa = PBXBuildFile; fileRef = BFE76541229FD0460067A3C9 /* EmployeeListTableViewController.swift */; };
		BFE7D72522A1D29800A07942 /* Default-568h@2x.png in Resources */ = {isa = PBXBuildFile; fileRef = BFE7D72422A1D29800A07942 /* Default-568h@2x.png */; };
		BFE7D72722A1DB2B00A07942 /* EmployeeListTableViewCell.swift in Sources */ = {isa = PBXBuildFile; fileRef = BFE7D72622A1DB2B00A07942 /* EmployeeListTableViewCell.swift */; };
		BFE7D72922A20A2F00A07942 /* AppNetworkManager.swift in Sources */ = {isa = PBXBuildFile; fileRef = BFE7D72822A20A2F00A07942 /* AppNetworkManager.swift */; };
		BFF15EDF229518D50078F59C /* CreateReportViewModel.swift in Sources */ = {isa = PBXBuildFile; fileRef = BFF15EDE229518D50078F59C /* CreateReportViewModel.swift */; };
		BFF831F029B5E3B800C7A837 /* ReportDataSourceTests.swift in Sources */ = {isa = PBXBuildFile; fileRef = BFF831EF29B5E3B800C7A837 /* ReportDataSourceTests.swift */; };
		BFFE07CB2AAC46D400503020 /* MockHealthPracticeDataSource.swift in Sources */ = {isa = PBXBuildFile; fileRef = BFFE07CA2AAC46D400503020 /* MockHealthPracticeDataSource.swift */; };
		BFFE07CD2AAC475300503020 /* MockLocationDataSource.swift in Sources */ = {isa = PBXBuildFile; fileRef = BFFE07CC2AAC475300503020 /* MockLocationDataSource.swift */; };
		BFFE07CF2AAC47B700503020 /* MockPrecautionDataSource.swift in Sources */ = {isa = PBXBuildFile; fileRef = BFFE07CE2AAC47B700503020 /* MockPrecautionDataSource.swift */; };
		BFFE07D12AAD4E1900503020 /* MockReportDataSource.swift in Sources */ = {isa = PBXBuildFile; fileRef = BFFE07D02AAD4E1900503020 /* MockReportDataSource.swift */; };
		BFFE07D32AAE593900503020 /* HealthPracticeRepository.swift in Sources */ = {isa = PBXBuildFile; fileRef = BFFE07D22AAE593900503020 /* HealthPracticeRepository.swift */; };
		BFFE07D52AAE59C000503020 /* LocationRepository.swift in Sources */ = {isa = PBXBuildFile; fileRef = BFFE07D42AAE59C000503020 /* LocationRepository.swift */; };
		BFFE07D72AAE5A5600503020 /* PrecautionRepository.swift in Sources */ = {isa = PBXBuildFile; fileRef = BFFE07D62AAE5A5600503020 /* PrecautionRepository.swift */; };
		BFFE07D92AAE5B1500503020 /* HealthPracticeRepositoryTests.swift in Sources */ = {isa = PBXBuildFile; fileRef = BFFE07D82AAE5B1500503020 /* HealthPracticeRepositoryTests.swift */; };
		BFFE07DB2AAE5B5300503020 /* LocationRepositoryTests.swift in Sources */ = {isa = PBXBuildFile; fileRef = BFFE07DA2AAE5B5300503020 /* LocationRepositoryTests.swift */; };
		BFFE07DD2AAE5B8400503020 /* PrecautionRepositoryTests.swift in Sources */ = {isa = PBXBuildFile; fileRef = BFFE07DC2AAE5B8400503020 /* PrecautionRepositoryTests.swift */; };
		EF9410AA39BB96EB5E189EA1 /* libPods-InfectionControlTests.a in Frameworks */ = {isa = PBXBuildFile; fileRef = 586D0FACC5D4D7676A496A13 /* libPods-InfectionControlTests.a */; };
/* End PBXBuildFile section */

/* Begin PBXContainerItemProxy section */
		BFD094FC224EBFC700953498 /* PBXContainerItemProxy */ = {
			isa = PBXContainerItemProxy;
			containerPortal = BFD094DC224EBFC500953498 /* Project object */;
			proxyType = 1;
			remoteGlobalIDString = BFD094E3224EBFC500953498;
			remoteInfo = InfectionControl;
		};
		BFD09507224EBFC800953498 /* PBXContainerItemProxy */ = {
			isa = PBXContainerItemProxy;
			containerPortal = BFD094DC224EBFC500953498 /* Project object */;
			proxyType = 1;
			remoteGlobalIDString = BFD094E3224EBFC500953498;
			remoteInfo = InfectionControl;
		};
/* End PBXContainerItemProxy section */

/* Begin PBXFileReference section */
		1AEF79149DBD65BEB1A76D89 /* libPods-InfectionControlUITests.a */ = {isa = PBXFileReference; explicitFileType = archive.ar; includeInIndex = 0; path = "libPods-InfectionControlUITests.a"; sourceTree = BUILT_PRODUCTS_DIR; };
		23FB8FD53479FED1242289DB /* libPods-InfectionControl.a */ = {isa = PBXFileReference; explicitFileType = archive.ar; includeInIndex = 0; path = "libPods-InfectionControl.a"; sourceTree = BUILT_PRODUCTS_DIR; };
		2590C9ACBD049FBE02BB4C70 /* Pods-InfectionControlTests.release.xcconfig */ = {isa = PBXFileReference; includeInIndex = 1; lastKnownFileType = text.xcconfig; name = "Pods-InfectionControlTests.release.xcconfig"; path = "Target Support Files/Pods-InfectionControlTests/Pods-InfectionControlTests.release.xcconfig"; sourceTree = "<group>"; };
		2A8483825F1F40EC54B20B5A /* Pods-InfectionControl.debug.xcconfig */ = {isa = PBXFileReference; includeInIndex = 1; lastKnownFileType = text.xcconfig; name = "Pods-InfectionControl.debug.xcconfig"; path = "Target Support Files/Pods-InfectionControl/Pods-InfectionControl.debug.xcconfig"; sourceTree = "<group>"; };
		306FBE79199CDFA1CC96909D /* Pods-InfectionControlTests.debug.xcconfig */ = {isa = PBXFileReference; includeInIndex = 1; lastKnownFileType = text.xcconfig; name = "Pods-InfectionControlTests.debug.xcconfig"; path = "Target Support Files/Pods-InfectionControlTests/Pods-InfectionControlTests.debug.xcconfig"; sourceTree = "<group>"; };
		3F5C51FBB0D5CAC70BA7AA6E /* Pods-InfectionControlUITests.release.xcconfig */ = {isa = PBXFileReference; includeInIndex = 1; lastKnownFileType = text.xcconfig; name = "Pods-InfectionControlUITests.release.xcconfig"; path = "Target Support Files/Pods-InfectionControlUITests/Pods-InfectionControlUITests.release.xcconfig"; sourceTree = "<group>"; };
		586D0FACC5D4D7676A496A13 /* libPods-InfectionControlTests.a */ = {isa = PBXFileReference; explicitFileType = archive.ar; includeInIndex = 0; path = "libPods-InfectionControlTests.a"; sourceTree = BUILT_PRODUCTS_DIR; };
		78E1268A6EEC2F8D1A758D2A /* Pods-InfectionControl.release.xcconfig */ = {isa = PBXFileReference; includeInIndex = 1; lastKnownFileType = text.xcconfig; name = "Pods-InfectionControl.release.xcconfig"; path = "Target Support Files/Pods-InfectionControl/Pods-InfectionControl.release.xcconfig"; sourceTree = "<group>"; };
		A377BC2801955B2C2DA5FD0A /* Pods-InfectionControlUITests.debug.xcconfig */ = {isa = PBXFileReference; includeInIndex = 1; lastKnownFileType = text.xcconfig; name = "Pods-InfectionControlUITests.debug.xcconfig"; path = "Target Support Files/Pods-InfectionControlUITests/Pods-InfectionControlUITests.debug.xcconfig"; sourceTree = "<group>"; };
		BF0711EE2AB612C20054F08A /* DataFactory.swift */ = {isa = PBXFileReference; lastKnownFileType = sourcecode.swift; path = DataFactory.swift; sourceTree = "<group>"; };
		BF081E502AD1BD7D00F9DE83 /* ReportDTOTests.swift */ = {isa = PBXFileReference; lastKnownFileType = sourcecode.swift; path = ReportDTOTests.swift; sourceTree = "<group>"; };
		BF0ADCD2282CC77000A58BCB /* ReportTableCellViewModelTests.swift */ = {isa = PBXFileReference; lastKnownFileType = sourcecode.swift; path = ReportTableCellViewModelTests.swift; sourceTree = "<group>"; };
		BF0ADCD4282CC90D00A58BCB /* ReportTableViewModelTests.swift */ = {isa = PBXFileReference; lastKnownFileType = sourcecode.swift; path = ReportTableViewModelTests.swift; sourceTree = "<group>"; };
		BF145A602ABC1C5F001F00D9 /* MockError.swift */ = {isa = PBXFileReference; lastKnownFileType = sourcecode.swift; path = MockError.swift; sourceTree = "<group>"; };
		BF145A642ABC40BE001F00D9 /* MockCodable.swift */ = {isa = PBXFileReference; lastKnownFileType = sourcecode.swift; path = MockCodable.swift; sourceTree = "<group>"; };
		BF1A338E22582161009F48AA /* MakeNewReportCell.swift */ = {isa = PBXFileReference; lastKnownFileType = sourcecode.swift; path = MakeNewReportCell.swift; sourceTree = "<group>"; };
		BF1A339022585982009F48AA /* ReportSectionReusableView.swift */ = {isa = PBXFileReference; lastKnownFileType = sourcecode.swift; path = ReportSectionReusableView.swift; sourceTree = "<group>"; };
		BF2194E3286183AC00FD769D /* CommonHeader.swift */ = {isa = PBXFileReference; lastKnownFileType = sourcecode.swift; path = CommonHeader.swift; sourceTree = "<group>"; };
		BF2194E52863E23200FD769D /* ProfileViewModelTests.swift */ = {isa = PBXFileReference; lastKnownFileType = sourcecode.swift; path = ProfileViewModelTests.swift; sourceTree = "<group>"; };
		BF2194E72864422A00FD769D /* ProfileViewUITests.swift */ = {isa = PBXFileReference; lastKnownFileType = sourcecode.swift; path = ProfileViewUITests.swift; sourceTree = "<group>"; };
		BF2194E92865A3EE00FD769D /* EmployeeTableViewRobot.swift */ = {isa = PBXFileReference; lastKnownFileType = sourcecode.swift; path = EmployeeTableViewRobot.swift; sourceTree = "<group>"; };
		BF2194EB2865A43900FD769D /* BaseRobots.swift */ = {isa = PBXFileReference; lastKnownFileType = sourcecode.swift; path = BaseRobots.swift; sourceTree = "<group>"; };
		BF2194ED2865A5AE00FD769D /* ProfileViewRobot.swift */ = {isa = PBXFileReference; lastKnownFileType = sourcecode.swift; path = ProfileViewRobot.swift; sourceTree = "<group>"; };
		BF2194EF2865A5ED00FD769D /* CreateReportViewRobot.swift */ = {isa = PBXFileReference; lastKnownFileType = sourcecode.swift; path = CreateReportViewRobot.swift; sourceTree = "<group>"; };
		BF2194F12865A61100FD769D /* SettingsViewRobot.swift */ = {isa = PBXFileReference; lastKnownFileType = sourcecode.swift; path = SettingsViewRobot.swift; sourceTree = "<group>"; };
		BF2194F32865A66500FD769D /* ReportTableViewRobot.swift */ = {isa = PBXFileReference; lastKnownFileType = sourcecode.swift; path = ReportTableViewRobot.swift; sourceTree = "<group>"; };
		BF2194F52865A77900FD769D /* SettingsViewUITests.swift */ = {isa = PBXFileReference; lastKnownFileType = sourcecode.swift; path = SettingsViewUITests.swift; sourceTree = "<group>"; };
		BF2194F728667CF700FD769D /* ProfileListSection.swift */ = {isa = PBXFileReference; lastKnownFileType = sourcecode.swift; path = ProfileListSection.swift; sourceTree = "<group>"; };
		BF2194F92866805400FD769D /* CreateReportVcPickerConfig.swift */ = {isa = PBXFileReference; lastKnownFileType = sourcecode.swift; path = CreateReportVcPickerConfig.swift; sourceTree = "<group>"; };
		BF2194FB2866914100FD769D /* EmployeeListSearchController.swift */ = {isa = PBXFileReference; lastKnownFileType = sourcecode.swift; path = EmployeeListSearchController.swift; sourceTree = "<group>"; };
		BF291F122ABE61A600AAB4C3 /* MockReportRepository.swift */ = {isa = PBXFileReference; lastKnownFileType = sourcecode.swift; path = MockReportRepository.swift; sourceTree = "<group>"; };
		BF291F142ABE669D00AAB4C3 /* MockHealthPracticeRepository.swift */ = {isa = PBXFileReference; lastKnownFileType = sourcecode.swift; path = MockHealthPracticeRepository.swift; sourceTree = "<group>"; };
		BF291F162ABF49C900AAB4C3 /* MockLocationRepository.swift */ = {isa = PBXFileReference; lastKnownFileType = sourcecode.swift; path = MockLocationRepository.swift; sourceTree = "<group>"; };
		BF291F182ABF4A2800AAB4C3 /* MockPrecautionRepository.swift */ = {isa = PBXFileReference; lastKnownFileType = sourcecode.swift; path = MockPrecautionRepository.swift; sourceTree = "<group>"; };
		BF29989328259C91008DE3E9 /* BaseTypeConvertibleProtocol.swift */ = {isa = PBXFileReference; lastKnownFileType = sourcecode.swift; path = BaseTypeConvertibleProtocol.swift; sourceTree = "<group>"; };
		BF2CAEBF2807FF25006AFF05 /* ReportTests.swift */ = {isa = PBXFileReference; lastKnownFileType = sourcecode.swift; path = ReportTests.swift; sourceTree = "<group>"; };
		BF2CAEC1280B54FB006AFF05 /* AppNetworkManagerTests.swift */ = {isa = PBXFileReference; lastKnownFileType = sourcecode.swift; path = AppNetworkManagerTests.swift; sourceTree = "<group>"; };
		BF369D452ACAC3A20077DA93 /* JsonFactory.swift */ = {isa = PBXFileReference; lastKnownFileType = sourcecode.swift; path = JsonFactory.swift; sourceTree = "<group>"; };
		BF382CD02AC948D700838254 /* CodableDefaults.swift */ = {isa = PBXFileReference; lastKnownFileType = sourcecode.swift; path = CodableDefaults.swift; sourceTree = "<group>"; };
		BF382CD22AC94A5F00838254 /* DataExtensions.swift */ = {isa = PBXFileReference; lastKnownFileType = sourcecode.swift; path = DataExtensions.swift; sourceTree = "<group>"; };
		BF3849F3281B8CBC00670689 /* LocationDTOTests.swift */ = {isa = PBXFileReference; lastKnownFileType = sourcecode.swift; path = LocationDTOTests.swift; sourceTree = "<group>"; };
		BF3849F9281BCB8600670689 /* HealthPracticeDTOTests.swift */ = {isa = PBXFileReference; lastKnownFileType = sourcecode.swift; path = HealthPracticeDTOTests.swift; sourceTree = "<group>"; };
		BF3849FB281BCFAD00670689 /* PrecautionDTOTests.swift */ = {isa = PBXFileReference; lastKnownFileType = sourcecode.swift; path = PrecautionDTOTests.swift; sourceTree = "<group>"; };
		BF3A47862838C8BD00362F09 /* CreateReportCvRobot.swift */ = {isa = PBXFileReference; lastKnownFileType = sourcecode.swift; path = CreateReportCvRobot.swift; sourceTree = "<group>"; };
		BF3A4789283C0C1600362F09 /* ProfileViewController.swift */ = {isa = PBXFileReference; lastKnownFileType = sourcecode.swift; path = ProfileViewController.swift; sourceTree = "<group>"; };
		BF3A478B283C0D4600362F09 /* ProfileView.swift */ = {isa = PBXFileReference; lastKnownFileType = sourcecode.swift; path = ProfileView.swift; sourceTree = "<group>"; };
		BF3A478D283C0D8400362F09 /* ProfileViewModel.swift */ = {isa = PBXFileReference; lastKnownFileType = sourcecode.swift; path = ProfileViewModel.swift; sourceTree = "<group>"; };
		BF4C81C422AE148500341CD1 /* SettingsViewController.swift */ = {isa = PBXFileReference; lastKnownFileType = sourcecode.swift; path = SettingsViewController.swift; sourceTree = "<group>"; };
		BF55668C22546169004A13C8 /* CreateReportCollectionView.swift */ = {isa = PBXFileReference; lastKnownFileType = sourcecode.swift; path = CreateReportCollectionView.swift; sourceTree = "<group>"; };
		BF55668E22546965004A13C8 /* Profession.swift */ = {isa = PBXFileReference; lastKnownFileType = sourcecode.swift; path = Profession.swift; sourceTree = "<group>"; };
		BF55669122546E8C004A13C8 /* Employee.swift */ = {isa = PBXFileReference; lastKnownFileType = sourcecode.swift; path = Employee.swift; sourceTree = "<group>"; };
		BF556693225470BD004A13C8 /* Location.swift */ = {isa = PBXFileReference; lastKnownFileType = sourcecode.swift; path = Location.swift; sourceTree = "<group>"; };
		BF55669522547242004A13C8 /* HealthPractice.swift */ = {isa = PBXFileReference; lastKnownFileType = sourcecode.swift; path = HealthPractice.swift; sourceTree = "<group>"; };
		BF5566972254724D004A13C8 /* Precaution.swift */ = {isa = PBXFileReference; lastKnownFileType = sourcecode.swift; path = Precaution.swift; sourceTree = "<group>"; };
		BF5566992254725F004A13C8 /* Report.swift */ = {isa = PBXFileReference; lastKnownFileType = sourcecode.swift; path = Report.swift; sourceTree = "<group>"; };
		BF82706929B02CE9004542C8 /* DataSourceGenerics.swift */ = {isa = PBXFileReference; lastKnownFileType = sourcecode.swift; path = DataSourceGenerics.swift; sourceTree = "<group>"; };
		BF82706B29B02D50004542C8 /* EmployeeDataSource.swift */ = {isa = PBXFileReference; lastKnownFileType = sourcecode.swift; path = EmployeeDataSource.swift; sourceTree = "<group>"; };
		BF82706D29B02DAE004542C8 /* EmployeeRepository.swift */ = {isa = PBXFileReference; lastKnownFileType = sourcecode.swift; path = EmployeeRepository.swift; sourceTree = "<group>"; };
		BF82707629B030E5004542C8 /* MockNetworking.swift */ = {isa = PBXFileReference; fileEncoding = 4; lastKnownFileType = sourcecode.swift; path = MockNetworking.swift; sourceTree = "<group>"; };
		BF82707829B0320A004542C8 /* MockEmployeeDataSource.swift */ = {isa = PBXFileReference; lastKnownFileType = sourcecode.swift; path = MockEmployeeDataSource.swift; sourceTree = "<group>"; };
		BF82707A29B0328D004542C8 /* MockEmployeeRepository.swift */ = {isa = PBXFileReference; lastKnownFileType = sourcecode.swift; path = MockEmployeeRepository.swift; sourceTree = "<group>"; };
		BF82707C29B03359004542C8 /* DataSourceGenericsTests.swift */ = {isa = PBXFileReference; lastKnownFileType = sourcecode.swift; path = DataSourceGenericsTests.swift; sourceTree = "<group>"; };
		BF82707E29B0338D004542C8 /* EmployeeDataSourceTests.swift */ = {isa = PBXFileReference; lastKnownFileType = sourcecode.swift; path = EmployeeDataSourceTests.swift; sourceTree = "<group>"; };
		BF82708029B033C5004542C8 /* EmployeeRepositoryTests.swift */ = {isa = PBXFileReference; lastKnownFileType = sourcecode.swift; path = EmployeeRepositoryTests.swift; sourceTree = "<group>"; };
		BF82708229B03750004542C8 /* EmployeeListTableCellViewModel.swift */ = {isa = PBXFileReference; lastKnownFileType = sourcecode.swift; path = EmployeeListTableCellViewModel.swift; sourceTree = "<group>"; };
		BF82708429B0380D004542C8 /* EmployeeListViewModel.swift */ = {isa = PBXFileReference; lastKnownFileType = sourcecode.swift; path = EmployeeListViewModel.swift; sourceTree = "<group>"; };
		BF82708629B0467F004542C8 /* EmployeeListViewModelTests.swift */ = {isa = PBXFileReference; lastKnownFileType = sourcecode.swift; path = EmployeeListViewModelTests.swift; sourceTree = "<group>"; };
		BF85CFBE281C889B0022F18E /* ProfessionDTOTests.swift */ = {isa = PBXFileReference; lastKnownFileType = sourcecode.swift; path = ProfessionDTOTests.swift; sourceTree = "<group>"; };
		BF85CFC0281E6C850022F18E /* EmployeeDTOTests.swift */ = {isa = PBXFileReference; lastKnownFileType = sourcecode.swift; path = EmployeeDTOTests.swift; sourceTree = "<group>"; };
		BF85F8282AAAA9D5009B41DF /* HealthPracticeDataSource.swift */ = {isa = PBXFileReference; lastKnownFileType = sourcecode.swift; path = HealthPracticeDataSource.swift; sourceTree = "<group>"; };
		BF85F82A2AAAAA59009B41DF /* LocationDataSource.swift */ = {isa = PBXFileReference; lastKnownFileType = sourcecode.swift; path = LocationDataSource.swift; sourceTree = "<group>"; };
		BF85F82C2AAAAAC3009B41DF /* PrecautionDataSource.swift */ = {isa = PBXFileReference; lastKnownFileType = sourcecode.swift; path = PrecautionDataSource.swift; sourceTree = "<group>"; };
		BF85F82E2AAAADFE009B41DF /* HealthPracticeDataSourceTests.swift */ = {isa = PBXFileReference; lastKnownFileType = sourcecode.swift; path = HealthPracticeDataSourceTests.swift; sourceTree = "<group>"; };
		BF85F8302AAAFAB8009B41DF /* LocationDataSourceTests.swift */ = {isa = PBXFileReference; lastKnownFileType = sourcecode.swift; path = LocationDataSourceTests.swift; sourceTree = "<group>"; };
		BF85F8322AAAFADE009B41DF /* PrecautionDataSourceTests.swift */ = {isa = PBXFileReference; lastKnownFileType = sourcecode.swift; path = PrecautionDataSourceTests.swift; sourceTree = "<group>"; };
		BF8E7246284558C2008A8DEF /* UIColorExtensionTests.swift */ = {isa = PBXFileReference; lastKnownFileType = sourcecode.swift; path = UIColorExtensionTests.swift; sourceTree = "<group>"; };
		BF8E724A28489DFD008A8DEF /* HealthPracticeTests.swift */ = {isa = PBXFileReference; lastKnownFileType = sourcecode.swift; path = HealthPracticeTests.swift; sourceTree = "<group>"; };
		BF8E724C28489F7B008A8DEF /* PrecautionTests.swift */ = {isa = PBXFileReference; lastKnownFileType = sourcecode.swift; path = PrecautionTests.swift; sourceTree = "<group>"; };
		BF8E724E2848A041008A8DEF /* CreateReportViewModelTests.swift */ = {isa = PBXFileReference; lastKnownFileType = sourcecode.swift; path = CreateReportViewModelTests.swift; sourceTree = "<group>"; };
		BF8E7250284D78BF008A8DEF /* CreateReportVcUITests.swift */ = {isa = PBXFileReference; lastKnownFileType = sourcecode.swift; path = CreateReportVcUITests.swift; sourceTree = "<group>"; };
		BF8E7252284DF656008A8DEF /* CommonUIViewFactory.swift */ = {isa = PBXFileReference; lastKnownFileType = sourcecode.swift; path = CommonUIViewFactory.swift; sourceTree = "<group>"; };
		BF8E7254284F0DFD008A8DEF /* EmployeeRow.swift */ = {isa = PBXFileReference; lastKnownFileType = sourcecode.swift; path = EmployeeRow.swift; sourceTree = "<group>"; };
		BF8E7256284F27FA008A8DEF /* EmployeeListView.swift */ = {isa = PBXFileReference; lastKnownFileType = sourcecode.swift; path = EmployeeListView.swift; sourceTree = "<group>"; };
		BF8E7258284FEAB8008A8DEF /* ReportListView.swift */ = {isa = PBXFileReference; lastKnownFileType = sourcecode.swift; path = ReportListView.swift; sourceTree = "<group>"; };
		BF8E725A284FF49A008A8DEF /* ReportRow.swift */ = {isa = PBXFileReference; lastKnownFileType = sourcecode.swift; path = ReportRow.swift; sourceTree = "<group>"; };
		BF8E725C285073C7008A8DEF /* BasicShapes.swift */ = {isa = PBXFileReference; lastKnownFileType = sourcecode.swift; path = BasicShapes.swift; sourceTree = "<group>"; };
		BF8E725E2852FBF2008A8DEF /* EmployeePerformanceIcon.swift */ = {isa = PBXFileReference; lastKnownFileType = sourcecode.swift; path = EmployeePerformanceIcon.swift; sourceTree = "<group>"; };
		BF8E7261285595F3008A8DEF /* ReportDetailView.swift */ = {isa = PBXFileReference; lastKnownFileType = sourcecode.swift; path = ReportDetailView.swift; sourceTree = "<group>"; };
		BF8E72632855D6EA008A8DEF /* TabBarConfig.swift */ = {isa = PBXFileReference; lastKnownFileType = sourcecode.swift; path = TabBarConfig.swift; sourceTree = "<group>"; };
		BF8E726528571040008A8DEF /* BaseStyling.swift */ = {isa = PBXFileReference; lastKnownFileType = sourcecode.swift; path = BaseStyling.swift; sourceTree = "<group>"; };
		BF8E726728583895008A8DEF /* SettingsView.swift */ = {isa = PBXFileReference; lastKnownFileType = sourcecode.swift; path = SettingsView.swift; sourceTree = "<group>"; };
		BF9A4F0C22ADE9A200769C49 /* UserDefaultsExtension.swift */ = {isa = PBXFileReference; lastKnownFileType = sourcecode.swift; path = UserDefaultsExtension.swift; sourceTree = "<group>"; };
		BF9A4F0E22ADED1000769C49 /* UIColorExtension.swift */ = {isa = PBXFileReference; lastKnownFileType = sourcecode.swift; path = UIColorExtension.swift; sourceTree = "<group>"; };
		BF9D0E6F228291F7003A8913 /* ReportTableViewCell.swift */ = {isa = PBXFileReference; lastKnownFileType = sourcecode.swift; path = ReportTableViewCell.swift; sourceTree = "<group>"; };
		BF9D0E7122829AA0003A8913 /* ReportTableViewController.swift */ = {isa = PBXFileReference; lastKnownFileType = sourcecode.swift; path = ReportTableViewController.swift; sourceTree = "<group>"; };
		BFA3D092286EDE0500C6112E /* ViewExtensions.swift */ = {isa = PBXFileReference; lastKnownFileType = sourcecode.swift; path = ViewExtensions.swift; sourceTree = "<group>"; };
		BFA3D095287161D100C6112E /* NavigableRow.swift */ = {isa = PBXFileReference; lastKnownFileType = sourcecode.swift; path = NavigableRow.swift; sourceTree = "<group>"; };
		BFA3D0972871621300C6112E /* CommonRowRightSubtitle.swift */ = {isa = PBXFileReference; lastKnownFileType = sourcecode.swift; path = CommonRowRightSubtitle.swift; sourceTree = "<group>"; };
		BFA3D09A287164D600C6112E /* CommonRow.swift */ = {isa = PBXFileReference; lastKnownFileType = sourcecode.swift; path = CommonRow.swift; sourceTree = "<group>"; };
		BFA3D09C287297AA00C6112E /* CommonRowSubtitled.swift */ = {isa = PBXFileReference; lastKnownFileType = sourcecode.swift; path = CommonRowSubtitled.swift; sourceTree = "<group>"; };
		BFA3D0A02873BDBE00C6112E /* CommonStyling.swift */ = {isa = PBXFileReference; lastKnownFileType = sourcecode.swift; path = CommonStyling.swift; sourceTree = "<group>"; };
		BFA3D0A32873E44000C6112E /* LocationTests.swift */ = {isa = PBXFileReference; lastKnownFileType = sourcecode.swift; path = LocationTests.swift; sourceTree = "<group>"; };
		BFA3D0A52873E44D00C6112E /* EmployeeTests.swift */ = {isa = PBXFileReference; lastKnownFileType = sourcecode.swift; path = EmployeeTests.swift; sourceTree = "<group>"; };
		BFA3D0A72873E45D00C6112E /* ProfessionTests.swift */ = {isa = PBXFileReference; lastKnownFileType = sourcecode.swift; path = ProfessionTests.swift; sourceTree = "<group>"; };
		BFA5BE3E2AD84EFA003291F5 /* DataExtensionsTests.swift */ = {isa = PBXFileReference; lastKnownFileType = sourcecode.swift; path = DataExtensionsTests.swift; sourceTree = "<group>"; };
		BFBC94AF283055DB00B7776E /* NetworkManagerProtocol.swift */ = {isa = PBXFileReference; lastKnownFileType = sourcecode.swift; path = NetworkManagerProtocol.swift; sourceTree = "<group>"; };
		BFC659E422965A770023CE7A /* ReportTableCellViewModel.swift */ = {isa = PBXFileReference; lastKnownFileType = sourcecode.swift; path = ReportTableCellViewModel.swift; sourceTree = "<group>"; };
		BFC659E622965B290023CE7A /* ReportTableViewModel.swift */ = {isa = PBXFileReference; lastKnownFileType = sourcecode.swift; path = ReportTableViewModel.swift; sourceTree = "<group>"; };
		BFC659E8229677F70023CE7A /* CreateReportCvDelegate.swift */ = {isa = PBXFileReference; lastKnownFileType = sourcecode.swift; path = CreateReportCvDelegate.swift; sourceTree = "<group>"; };
		BFC659EA22967CB10023CE7A /* CreateReportCvDataSource.swift */ = {isa = PBXFileReference; lastKnownFileType = sourcecode.swift; path = CreateReportCvDataSource.swift; sourceTree = "<group>"; };
		BFD094E4224EBFC500953498 /* InfectionControl.app */ = {isa = PBXFileReference; explicitFileType = wrapper.application; includeInIndex = 0; path = InfectionControl.app; sourceTree = BUILT_PRODUCTS_DIR; };
		BFD094E7224EBFC500953498 /* AppDelegate.swift */ = {isa = PBXFileReference; lastKnownFileType = sourcecode.swift; path = AppDelegate.swift; sourceTree = "<group>"; };
		BFD094EC224EBFC600953498 /* Base */ = {isa = PBXFileReference; lastKnownFileType = file.storyboard; name = Base; path = Base.lproj/Main.storyboard; sourceTree = "<group>"; };
		BFD094EF224EBFC600953498 /* InfectionControl.xcdatamodel */ = {isa = PBXFileReference; lastKnownFileType = wrapper.xcdatamodel; path = InfectionControl.xcdatamodel; sourceTree = "<group>"; };
		BFD094F1224EBFC700953498 /* Assets.xcassets */ = {isa = PBXFileReference; lastKnownFileType = folder.assetcatalog; path = Assets.xcassets; sourceTree = "<group>"; };
		BFD094F4224EBFC700953498 /* Base */ = {isa = PBXFileReference; lastKnownFileType = file.storyboard; name = Base; path = Base.lproj/LaunchScreen.storyboard; sourceTree = "<group>"; };
		BFD094F6224EBFC700953498 /* Info.plist */ = {isa = PBXFileReference; lastKnownFileType = text.plist.xml; path = Info.plist; sourceTree = "<group>"; };
		BFD094FB224EBFC700953498 /* InfectionControlTests.xctest */ = {isa = PBXFileReference; explicitFileType = wrapper.cfbundle; includeInIndex = 0; path = InfectionControlTests.xctest; sourceTree = BUILT_PRODUCTS_DIR; };
		BFD094FF224EBFC700953498 /* InfectionControlTests.swift */ = {isa = PBXFileReference; lastKnownFileType = sourcecode.swift; path = InfectionControlTests.swift; sourceTree = "<group>"; };
		BFD09501224EBFC700953498 /* Info.plist */ = {isa = PBXFileReference; lastKnownFileType = text.plist.xml; path = Info.plist; sourceTree = "<group>"; };
		BFD09506224EBFC800953498 /* InfectionControlUITests.xctest */ = {isa = PBXFileReference; explicitFileType = wrapper.cfbundle; includeInIndex = 0; path = InfectionControlUITests.xctest; sourceTree = BUILT_PRODUCTS_DIR; };
		BFD0950A224EBFC800953498 /* BaseUITests.swift */ = {isa = PBXFileReference; lastKnownFileType = sourcecode.swift; path = BaseUITests.swift; sourceTree = "<group>"; };
		BFD0950C224EBFC800953498 /* Info.plist */ = {isa = PBXFileReference; lastKnownFileType = text.plist.xml; path = Info.plist; sourceTree = "<group>"; };
		BFD84F4729B3B83B0060196D /* ReportDataSource.swift */ = {isa = PBXFileReference; lastKnownFileType = sourcecode.swift; path = ReportDataSource.swift; sourceTree = "<group>"; };
		BFD84F4929B3EC300060196D /* ReportRepository.swift */ = {isa = PBXFileReference; lastKnownFileType = sourcecode.swift; path = ReportRepository.swift; sourceTree = "<group>"; };
		BFD84F4B29B3EF940060196D /* RepositoryGenerics.swift */ = {isa = PBXFileReference; lastKnownFileType = sourcecode.swift; path = RepositoryGenerics.swift; sourceTree = "<group>"; };
		BFD9418D29AF4D3F00F8A78D /* README.md */ = {isa = PBXFileReference; fileEncoding = 4; lastKnownFileType = net.daringfireball.markdown; path = README.md; sourceTree = "<group>"; };
		BFE2B57C229335F30096BA9C /* CreateReportViewController.swift */ = {isa = PBXFileReference; lastKnownFileType = sourcecode.swift; path = CreateReportViewController.swift; sourceTree = "<group>"; };
		BFE53F6729B4295F00B4846F /* RepositoryGenericsTests.swift */ = {isa = PBXFileReference; lastKnownFileType = sourcecode.swift; path = RepositoryGenericsTests.swift; sourceTree = "<group>"; };
		BFE53F6929B431A000B4846F /* ReportRepositoryTests.swift */ = {isa = PBXFileReference; lastKnownFileType = sourcecode.swift; path = ReportRepositoryTests.swift; sourceTree = "<group>"; };
		BFE76541229FD0460067A3C9 /* EmployeeListTableViewController.swift */ = {isa = PBXFileReference; lastKnownFileType = sourcecode.swift; path = EmployeeListTableViewController.swift; sourceTree = "<group>"; };
		BFE7D72422A1D29800A07942 /* Default-568h@2x.png */ = {isa = PBXFileReference; lastKnownFileType = image.png; path = "Default-568h@2x.png"; sourceTree = "<group>"; };
		BFE7D72622A1DB2B00A07942 /* EmployeeListTableViewCell.swift */ = {isa = PBXFileReference; lastKnownFileType = sourcecode.swift; path = EmployeeListTableViewCell.swift; sourceTree = "<group>"; };
		BFE7D72822A20A2F00A07942 /* AppNetworkManager.swift */ = {isa = PBXFileReference; lastKnownFileType = sourcecode.swift; path = AppNetworkManager.swift; sourceTree = "<group>"; };
		BFF15EDE229518D50078F59C /* CreateReportViewModel.swift */ = {isa = PBXFileReference; lastKnownFileType = sourcecode.swift; path = CreateReportViewModel.swift; sourceTree = "<group>"; };
		BFF831EF29B5E3B800C7A837 /* ReportDataSourceTests.swift */ = {isa = PBXFileReference; lastKnownFileType = sourcecode.swift; path = ReportDataSourceTests.swift; sourceTree = "<group>"; };
		BFFE07CA2AAC46D400503020 /* MockHealthPracticeDataSource.swift */ = {isa = PBXFileReference; lastKnownFileType = sourcecode.swift; path = MockHealthPracticeDataSource.swift; sourceTree = "<group>"; };
		BFFE07CC2AAC475300503020 /* MockLocationDataSource.swift */ = {isa = PBXFileReference; lastKnownFileType = sourcecode.swift; path = MockLocationDataSource.swift; sourceTree = "<group>"; };
		BFFE07CE2AAC47B700503020 /* MockPrecautionDataSource.swift */ = {isa = PBXFileReference; lastKnownFileType = sourcecode.swift; path = MockPrecautionDataSource.swift; sourceTree = "<group>"; };
		BFFE07D02AAD4E1900503020 /* MockReportDataSource.swift */ = {isa = PBXFileReference; lastKnownFileType = sourcecode.swift; path = MockReportDataSource.swift; sourceTree = "<group>"; };
		BFFE07D22AAE593900503020 /* HealthPracticeRepository.swift */ = {isa = PBXFileReference; lastKnownFileType = sourcecode.swift; path = HealthPracticeRepository.swift; sourceTree = "<group>"; };
		BFFE07D42AAE59C000503020 /* LocationRepository.swift */ = {isa = PBXFileReference; lastKnownFileType = sourcecode.swift; path = LocationRepository.swift; sourceTree = "<group>"; };
		BFFE07D62AAE5A5600503020 /* PrecautionRepository.swift */ = {isa = PBXFileReference; lastKnownFileType = sourcecode.swift; path = PrecautionRepository.swift; sourceTree = "<group>"; };
		BFFE07D82AAE5B1500503020 /* HealthPracticeRepositoryTests.swift */ = {isa = PBXFileReference; lastKnownFileType = sourcecode.swift; path = HealthPracticeRepositoryTests.swift; sourceTree = "<group>"; };
		BFFE07DA2AAE5B5300503020 /* LocationRepositoryTests.swift */ = {isa = PBXFileReference; lastKnownFileType = sourcecode.swift; path = LocationRepositoryTests.swift; sourceTree = "<group>"; };
		BFFE07DC2AAE5B8400503020 /* PrecautionRepositoryTests.swift */ = {isa = PBXFileReference; lastKnownFileType = sourcecode.swift; path = PrecautionRepositoryTests.swift; sourceTree = "<group>"; };
/* End PBXFileReference section */

/* Begin PBXFrameworksBuildPhase section */
		BFD094E1224EBFC500953498 /* Frameworks */ = {
			isa = PBXFrameworksBuildPhase;
			buildActionMask = 2147483647;
			files = (
				BFBFA47A2ADA443500A850CE /* Kingfisher in Frameworks */,
				1FDAC2045C226F5D3F5FBCCA /* libPods-InfectionControl.a in Frameworks */,
			);
			runOnlyForDeploymentPostprocessing = 0;
		};
		BFD094F8224EBFC700953498 /* Frameworks */ = {
			isa = PBXFrameworksBuildPhase;
			buildActionMask = 2147483647;
			files = (
				EF9410AA39BB96EB5E189EA1 /* libPods-InfectionControlTests.a in Frameworks */,
			);
			runOnlyForDeploymentPostprocessing = 0;
		};
		BFD09503224EBFC800953498 /* Frameworks */ = {
			isa = PBXFrameworksBuildPhase;
			buildActionMask = 2147483647;
			files = (
				7A261D2F401AA94939510842 /* libPods-InfectionControlUITests.a in Frameworks */,
			);
			runOnlyForDeploymentPostprocessing = 0;
		};
/* End PBXFrameworksBuildPhase section */

/* Begin PBXGroup section */
		BF0ADCD1282CC6DC00A58BCB /* ViewModels */ = {
			isa = PBXGroup;
			children = (
				BF0ADCD2282CC77000A58BCB /* ReportTableCellViewModelTests.swift */,
				BF0ADCD4282CC90D00A58BCB /* ReportTableViewModelTests.swift */,
				BF8E724E2848A041008A8DEF /* CreateReportViewModelTests.swift */,
				BF2194E52863E23200FD769D /* ProfileViewModelTests.swift */,
				BF82708629B0467F004542C8 /* EmployeeListViewModelTests.swift */,
			);
			path = ViewModels;
			sourceTree = "<group>";
		};
		BF1A338C2258210E009F48AA /* Controllers */ = {
			isa = PBXGroup;
			children = (
				BF3A4788283C0B4300362F09 /* ProfileView */,
				BFF15EDB229518330078F59C /* CreateReportViewController */,
				BF1A338D2258211F009F48AA /* CreateReportCollectionView */,
				BFE76540229FCECF0067A3C9 /* EmployeeTableView */,
				BF8E7260285595C7008A8DEF /* ReportDetailView */,
				BF9D0E6C228291C3003A8913 /* ReportTableView */,
				BF4C81C322AE145600341CD1 /* SettingsView */,
			);
			path = Controllers;
			sourceTree = "<group>";
		};
		BF1A338D2258211F009F48AA /* CreateReportCollectionView */ = {
			isa = PBXGroup;
			children = (
				BF55668C22546169004A13C8 /* CreateReportCollectionView.swift */,
				BF1A338E22582161009F48AA /* MakeNewReportCell.swift */,
				BF1A339022585982009F48AA /* ReportSectionReusableView.swift */,
				BFC659E8229677F70023CE7A /* CreateReportCvDelegate.swift */,
				BFC659EA22967CB10023CE7A /* CreateReportCvDataSource.swift */,
			);
			path = CreateReportCollectionView;
			sourceTree = "<group>";
		};
		BF2194E028616C9000FD769D /* SwiftUI */ = {
			isa = PBXGroup;
			children = (
				BFA3D0942871209B00C6112E /* CommonViews */,
				BF8E725C285073C7008A8DEF /* BasicShapes.swift */,
				BFA3D092286EDE0500C6112E /* ViewExtensions.swift */,
			);
			path = SwiftUI;
			sourceTree = "<group>";
		};
		BF2194E128616CC500FD769D /* UIKit */ = {
			isa = PBXGroup;
			children = (
				BF8E726528571040008A8DEF /* BaseStyling.swift */,
				BF9A4F0E22ADED1000769C49 /* UIColorExtension.swift */,
				BF8E7252284DF656008A8DEF /* CommonUIViewFactory.swift */,
				BF8E72632855D6EA008A8DEF /* TabBarConfig.swift */,
			);
			path = UIKit;
			sourceTree = "<group>";
		};
		BF2194E228616CE400FD769D /* API */ = {
			isa = PBXGroup;
			children = (
				BFE7D72822A20A2F00A07942 /* AppNetworkManager.swift */,
				BFBC94AF283055DB00B7776E /* NetworkManagerProtocol.swift */,
			);
			path = API;
			sourceTree = "<group>";
		};
		BF291F112ABE611200AAB4C3 /* Repositories */ = {
			isa = PBXGroup;
			children = (
				BF82707A29B0328D004542C8 /* MockEmployeeRepository.swift */,
				BF291F142ABE669D00AAB4C3 /* MockHealthPracticeRepository.swift */,
				BF291F162ABF49C900AAB4C3 /* MockLocationRepository.swift */,
				BF291F182ABF4A2800AAB4C3 /* MockPrecautionRepository.swift */,
				BF291F122ABE61A600AAB4C3 /* MockReportRepository.swift */,
			);
			path = Repositories;
			sourceTree = "<group>";
		};
		BF3849F2281B8C7400670689 /* Models */ = {
			isa = PBXGroup;
			children = (
				BFA3D0A22873E40500C6112E /* DTOTests */,
				BFA3D0A52873E44D00C6112E /* EmployeeTests.swift */,
				BF8E724A28489DFD008A8DEF /* HealthPracticeTests.swift */,
				BFA3D0A32873E44000C6112E /* LocationTests.swift */,
				BF8E724C28489F7B008A8DEF /* PrecautionTests.swift */,
				BFA3D0A72873E45D00C6112E /* ProfessionTests.swift */,
				BF2CAEBF2807FF25006AFF05 /* ReportTests.swift */,
				BFA5BE3E2AD84EFA003291F5 /* DataExtensionsTests.swift */,
			);
			path = Models;
			sourceTree = "<group>";
		};
		BF3A47832838C3C600362F09 /* Robots */ = {
			isa = PBXGroup;
			children = (
				BF3A47862838C8BD00362F09 /* CreateReportCvRobot.swift */,
				BF2194ED2865A5AE00FD769D /* ProfileViewRobot.swift */,
				BF2194E92865A3EE00FD769D /* EmployeeTableViewRobot.swift */,
				BF2194EB2865A43900FD769D /* BaseRobots.swift */,
				BF2194EF2865A5ED00FD769D /* CreateReportViewRobot.swift */,
				BF2194F12865A61100FD769D /* SettingsViewRobot.swift */,
				BF2194F32865A66500FD769D /* ReportTableViewRobot.swift */,
			);
			path = Robots;
			sourceTree = "<group>";
		};
		BF3A4788283C0B4300362F09 /* ProfileView */ = {
			isa = PBXGroup;
			children = (
				BF3A4789283C0C1600362F09 /* ProfileViewController.swift */,
				BF3A478B283C0D4600362F09 /* ProfileView.swift */,
				BF3A478D283C0D8400362F09 /* ProfileViewModel.swift */,
				BF2194F728667CF700FD769D /* ProfileListSection.swift */,
			);
			path = ProfileView;
			sourceTree = "<group>";
		};
		BF4C81C322AE145600341CD1 /* SettingsView */ = {
			isa = PBXGroup;
			children = (
				BF4C81C422AE148500341CD1 /* SettingsViewController.swift */,
				BF8E726728583895008A8DEF /* SettingsView.swift */,
			);
			path = SettingsView;
			sourceTree = "<group>";
		};
		BF5566902254696E004A13C8 /* Models */ = {
			isa = PBXGroup;
			children = (
				BF55669122546E8C004A13C8 /* Employee.swift */,
				BF55669522547242004A13C8 /* HealthPractice.swift */,
				BF556693225470BD004A13C8 /* Location.swift */,
				BF5566972254724D004A13C8 /* Precaution.swift */,
				BF55668E22546965004A13C8 /* Profession.swift */,
				BF5566992254725F004A13C8 /* Report.swift */,
				BF29989328259C91008DE3E9 /* BaseTypeConvertibleProtocol.swift */,
				BF382CD02AC948D700838254 /* CodableDefaults.swift */,
				BF382CD22AC94A5F00838254 /* DataExtensions.swift */,
			);
			path = Models;
			sourceTree = "<group>";
		};
		BF774C8422A059D300B592E3 /* Supporting Files */ = {
			isa = PBXGroup;
			children = (
				BFD094F6224EBFC700953498 /* Info.plist */,
				BFD094F1224EBFC700953498 /* Assets.xcassets */,
				BFD094F3224EBFC700953498 /* LaunchScreen.storyboard */,
				BFD094EB224EBFC600953498 /* Main.storyboard */,
			);
			path = "Supporting Files";
			sourceTree = "<group>";
		};
		BF82706829B02CD3004542C8 /* Data */ = {
			isa = PBXGroup;
			children = (
				BF82706929B02CE9004542C8 /* DataSourceGenerics.swift */,
				BF82706B29B02D50004542C8 /* EmployeeDataSource.swift */,
				BFD84F4729B3B83B0060196D /* ReportDataSource.swift */,
				BF85F8282AAAA9D5009B41DF /* HealthPracticeDataSource.swift */,
				BF85F82A2AAAAA59009B41DF /* LocationDataSource.swift */,
				BF85F82C2AAAAAC3009B41DF /* PrecautionDataSource.swift */,
			);
			path = Data;
			sourceTree = "<group>";
		};
		BF82706F29B02EEE004542C8 /* Data */ = {
			isa = PBXGroup;
			children = (
				BF82707C29B03359004542C8 /* DataSourceGenericsTests.swift */,
				BF82707E29B0338D004542C8 /* EmployeeDataSourceTests.swift */,
				BFF831EF29B5E3B800C7A837 /* ReportDataSourceTests.swift */,
				BF85F82E2AAAADFE009B41DF /* HealthPracticeDataSourceTests.swift */,
				BF85F8302AAAFAB8009B41DF /* LocationDataSourceTests.swift */,
				BF85F8322AAAFADE009B41DF /* PrecautionDataSourceTests.swift */,
			);
			path = Data;
			sourceTree = "<group>";
		};
		BF82707529B030E5004542C8 /* Mocks */ = {
			isa = PBXGroup;
			children = (
				BF0711EE2AB612C20054F08A /* DataFactory.swift */,
				BFFE07C92AAC469900503020 /* DataSources */,
				BF291F112ABE611200AAB4C3 /* Repositories */,
				BF82707629B030E5004542C8 /* MockNetworking.swift */,
				BF145A602ABC1C5F001F00D9 /* MockError.swift */,
				BF145A642ABC40BE001F00D9 /* MockCodable.swift */,
				BF369D452ACAC3A20077DA93 /* JsonFactory.swift */,
			);
			path = Mocks;
			sourceTree = "<group>";
		};
		BF82708829B048CC004542C8 /* Repositories */ = {
			isa = PBXGroup;
			children = (
				BF82706D29B02DAE004542C8 /* EmployeeRepository.swift */,
				BFFE07D22AAE593900503020 /* HealthPracticeRepository.swift */,
				BFFE07D42AAE59C000503020 /* LocationRepository.swift */,
				BFFE07D62AAE5A5600503020 /* PrecautionRepository.swift */,
				BFD84F4929B3EC300060196D /* ReportRepository.swift */,
				BFD84F4B29B3EF940060196D /* RepositoryGenerics.swift */,
			);
			path = Repositories;
			sourceTree = "<group>";
		};
		BF8E724528455858008A8DEF /* Utility */ = {
			isa = PBXGroup;
			children = (
				BF2CAEC1280B54FB006AFF05 /* AppNetworkManagerTests.swift */,
				BF8E7246284558C2008A8DEF /* UIColorExtensionTests.swift */,
			);
			path = Utility;
			sourceTree = "<group>";
		};
		BF8E7260285595C7008A8DEF /* ReportDetailView */ = {
			isa = PBXGroup;
			children = (
				BF8E7261285595F3008A8DEF /* ReportDetailView.swift */,
			);
			path = ReportDetailView;
			sourceTree = "<group>";
		};
		BF9D0E6C228291C3003A8913 /* ReportTableView */ = {
			isa = PBXGroup;
			children = (
				BF9D0E6F228291F7003A8913 /* ReportTableViewCell.swift */,
				BFC659E422965A770023CE7A /* ReportTableCellViewModel.swift */,
				BF9D0E7122829AA0003A8913 /* ReportTableViewController.swift */,
				BFC659E622965B290023CE7A /* ReportTableViewModel.swift */,
				BF8E7258284FEAB8008A8DEF /* ReportListView.swift */,
				BF8E725A284FF49A008A8DEF /* ReportRow.swift */,
			);
			path = ReportTableView;
			sourceTree = "<group>";
		};
		BFA3D0942871209B00C6112E /* CommonViews */ = {
			isa = PBXGroup;
			children = (
				BFA3D0992871625E00C6112E /* ListComponents */,
				BFA3D0A02873BDBE00C6112E /* CommonStyling.swift */,
			);
			path = CommonViews;
			sourceTree = "<group>";
		};
		BFA3D0992871625E00C6112E /* ListComponents */ = {
			isa = PBXGroup;
			children = (
				BF2194E3286183AC00FD769D /* CommonHeader.swift */,
				BFA3D095287161D100C6112E /* NavigableRow.swift */,
				BFA3D09A287164D600C6112E /* CommonRow.swift */,
				BFA3D0972871621300C6112E /* CommonRowRightSubtitle.swift */,
				BFA3D09C287297AA00C6112E /* CommonRowSubtitled.swift */,
			);
			path = ListComponents;
			sourceTree = "<group>";
		};
		BFA3D0A22873E40500C6112E /* DTOTests */ = {
			isa = PBXGroup;
			children = (
				BF85CFC0281E6C850022F18E /* EmployeeDTOTests.swift */,
				BF3849F9281BCB8600670689 /* HealthPracticeDTOTests.swift */,
				BF3849F3281B8CBC00670689 /* LocationDTOTests.swift */,
				BF3849FB281BCFAD00670689 /* PrecautionDTOTests.swift */,
				BF85CFBE281C889B0022F18E /* ProfessionDTOTests.swift */,
				BF081E502AD1BD7D00F9DE83 /* ReportDTOTests.swift */,
			);
			path = DTOTests;
			sourceTree = "<group>";
		};
		BFBC94AE2830559500B7776E /* Utility */ = {
			isa = PBXGroup;
			children = (
				BF2194E228616CE400FD769D /* API */,
				BF2194E128616CC500FD769D /* UIKit */,
				BF2194E028616C9000FD769D /* SwiftUI */,
				BF9A4F0C22ADE9A200769C49 /* UserDefaultsExtension.swift */,
			);
			path = Utility;
			sourceTree = "<group>";
		};
		BFD094DB224EBFC500953498 = {
			isa = PBXGroup;
			children = (
				BFD9418D29AF4D3F00F8A78D /* README.md */,
				BFE7D72422A1D29800A07942 /* Default-568h@2x.png */,
				BFD094E6224EBFC500953498 /* InfectionControl */,
				BFD094FE224EBFC700953498 /* InfectionControlTests */,
				BFD09509224EBFC800953498 /* InfectionControlUITests */,
				BFD094E5224EBFC500953498 /* Products */,
				DB1330933924369C7D253931 /* Pods */,
				CF1BD1E5B95CE2ECCF91DFE4 /* Frameworks */,
			);
			sourceTree = "<group>";
		};
		BFD094E5224EBFC500953498 /* Products */ = {
			isa = PBXGroup;
			children = (
				BFD094E4224EBFC500953498 /* InfectionControl.app */,
				BFD094FB224EBFC700953498 /* InfectionControlTests.xctest */,
				BFD09506224EBFC800953498 /* InfectionControlUITests.xctest */,
			);
			name = Products;
			sourceTree = "<group>";
		};
		BFD094E6224EBFC500953498 /* InfectionControl */ = {
			isa = PBXGroup;
			children = (
				BFD094EE224EBFC600953498 /* InfectionControl.xcdatamodeld */,
				BFD094E7224EBFC500953498 /* AppDelegate.swift */,
				BF1A338C2258210E009F48AA /* Controllers */,
				BF5566902254696E004A13C8 /* Models */,
				BF82706829B02CD3004542C8 /* Data */,
				BF82708829B048CC004542C8 /* Repositories */,
				BF774C8422A059D300B592E3 /* Supporting Files */,
				BFBC94AE2830559500B7776E /* Utility */,
			);
			path = InfectionControl;
			sourceTree = "<group>";
		};
		BFD094FE224EBFC700953498 /* InfectionControlTests */ = {
			isa = PBXGroup;
			children = (
				BFD094FF224EBFC700953498 /* InfectionControlTests.swift */,
				BFD09501224EBFC700953498 /* Info.plist */,
				BF0ADCD1282CC6DC00A58BCB /* ViewModels */,
				BF3849F2281B8C7400670689 /* Models */,
				BF82706F29B02EEE004542C8 /* Data */,
				BFE53F6629B428BE00B4846F /* Repositories */,
				BF82707529B030E5004542C8 /* Mocks */,
				BF8E724528455858008A8DEF /* Utility */,
			);
			path = InfectionControlTests;
			sourceTree = "<group>";
		};
		BFD09509224EBFC800953498 /* InfectionControlUITests */ = {
			isa = PBXGroup;
			children = (
				BFD0950C224EBFC800953498 /* Info.plist */,
				BFD0950A224EBFC800953498 /* BaseUITests.swift */,
				BF8E7250284D78BF008A8DEF /* CreateReportVcUITests.swift */,
				BF2194E72864422A00FD769D /* ProfileViewUITests.swift */,
				BF2194F52865A77900FD769D /* SettingsViewUITests.swift */,
				BF3A47832838C3C600362F09 /* Robots */,
			);
			path = InfectionControlUITests;
			sourceTree = "<group>";
		};
		BFE53F6629B428BE00B4846F /* Repositories */ = {
			isa = PBXGroup;
			children = (
				BF82708029B033C5004542C8 /* EmployeeRepositoryTests.swift */,
				BFFE07D82AAE5B1500503020 /* HealthPracticeRepositoryTests.swift */,
				BFFE07DA2AAE5B5300503020 /* LocationRepositoryTests.swift */,
				BFFE07DC2AAE5B8400503020 /* PrecautionRepositoryTests.swift */,
				BFE53F6929B431A000B4846F /* ReportRepositoryTests.swift */,
				BFE53F6729B4295F00B4846F /* RepositoryGenericsTests.swift */,
			);
			path = Repositories;
			sourceTree = "<group>";
		};
		BFE76540229FCECF0067A3C9 /* EmployeeTableView */ = {
			isa = PBXGroup;
			children = (
				BFE76541229FD0460067A3C9 /* EmployeeListTableViewController.swift */,
				BFE7D72622A1DB2B00A07942 /* EmployeeListTableViewCell.swift */,
				BF8E7256284F27FA008A8DEF /* EmployeeListView.swift */,
				BF8E7254284F0DFD008A8DEF /* EmployeeRow.swift */,
				BF8E725E2852FBF2008A8DEF /* EmployeePerformanceIcon.swift */,
				BF2194FB2866914100FD769D /* EmployeeListSearchController.swift */,
				BF82708229B03750004542C8 /* EmployeeListTableCellViewModel.swift */,
				BF82708429B0380D004542C8 /* EmployeeListViewModel.swift */,
			);
			path = EmployeeTableView;
			sourceTree = "<group>";
		};
		BFF15EDB229518330078F59C /* CreateReportViewController */ = {
			isa = PBXGroup;
			children = (
				BFE2B57C229335F30096BA9C /* CreateReportViewController.swift */,
				BFF15EDE229518D50078F59C /* CreateReportViewModel.swift */,
				BF2194F92866805400FD769D /* CreateReportVcPickerConfig.swift */,
			);
			path = CreateReportViewController;
			sourceTree = "<group>";
		};
		BFFE07C92AAC469900503020 /* DataSources */ = {
			isa = PBXGroup;
			children = (
				BF82707829B0320A004542C8 /* MockEmployeeDataSource.swift */,
				BFFE07CA2AAC46D400503020 /* MockHealthPracticeDataSource.swift */,
				BFFE07CC2AAC475300503020 /* MockLocationDataSource.swift */,
				BFFE07CE2AAC47B700503020 /* MockPrecautionDataSource.swift */,
				BFFE07D02AAD4E1900503020 /* MockReportDataSource.swift */,
			);
			path = DataSources;
			sourceTree = "<group>";
		};
		CF1BD1E5B95CE2ECCF91DFE4 /* Frameworks */ = {
			isa = PBXGroup;
			children = (
				23FB8FD53479FED1242289DB /* libPods-InfectionControl.a */,
				586D0FACC5D4D7676A496A13 /* libPods-InfectionControlTests.a */,
				1AEF79149DBD65BEB1A76D89 /* libPods-InfectionControlUITests.a */,
			);
			name = Frameworks;
			sourceTree = "<group>";
		};
		DB1330933924369C7D253931 /* Pods */ = {
			isa = PBXGroup;
			children = (
				2A8483825F1F40EC54B20B5A /* Pods-InfectionControl.debug.xcconfig */,
				78E1268A6EEC2F8D1A758D2A /* Pods-InfectionControl.release.xcconfig */,
				306FBE79199CDFA1CC96909D /* Pods-InfectionControlTests.debug.xcconfig */,
				2590C9ACBD049FBE02BB4C70 /* Pods-InfectionControlTests.release.xcconfig */,
				A377BC2801955B2C2DA5FD0A /* Pods-InfectionControlUITests.debug.xcconfig */,
				3F5C51FBB0D5CAC70BA7AA6E /* Pods-InfectionControlUITests.release.xcconfig */,
			);
			path = Pods;
			sourceTree = "<group>";
		};
/* End PBXGroup section */

/* Begin PBXNativeTarget section */
		BFD094E3224EBFC500953498 /* InfectionControl */ = {
			isa = PBXNativeTarget;
			buildConfigurationList = BFD0950F224EBFC800953498 /* Build configuration list for PBXNativeTarget "InfectionControl" */;
			buildPhases = (
				2878A7A9993B3C8BC1289938 /* [CP] Check Pods Manifest.lock */,
				BFD094E0224EBFC500953498 /* Sources */,
				BFD094E1224EBFC500953498 /* Frameworks */,
				BFD094E2224EBFC500953498 /* Resources */,
			);
			buildRules = (
			);
			dependencies = (
			);
			name = InfectionControl;
			packageProductDependencies = (
				BFBFA4792ADA443500A850CE /* Kingfisher */,
			);
			productName = InfectionControl;
			productReference = BFD094E4224EBFC500953498 /* InfectionControl.app */;
			productType = "com.apple.product-type.application";
		};
		BFD094FA224EBFC700953498 /* InfectionControlTests */ = {
			isa = PBXNativeTarget;
			buildConfigurationList = BFD09512224EBFC800953498 /* Build configuration list for PBXNativeTarget "InfectionControlTests" */;
			buildPhases = (
				07A42C678150AF7D882E55D0 /* [CP] Check Pods Manifest.lock */,
				BFD094F7224EBFC700953498 /* Sources */,
				BFD094F8224EBFC700953498 /* Frameworks */,
				BFD094F9224EBFC700953498 /* Resources */,
			);
			buildRules = (
			);
			dependencies = (
				BFD094FD224EBFC700953498 /* PBXTargetDependency */,
			);
			name = InfectionControlTests;
			productName = InfectionControlTests;
			productReference = BFD094FB224EBFC700953498 /* InfectionControlTests.xctest */;
			productType = "com.apple.product-type.bundle.unit-test";
		};
		BFD09505224EBFC800953498 /* InfectionControlUITests */ = {
			isa = PBXNativeTarget;
			buildConfigurationList = BFD09515224EBFC800953498 /* Build configuration list for PBXNativeTarget "InfectionControlUITests" */;
			buildPhases = (
				CB162D1EFEE7A8ED328C8C10 /* [CP] Check Pods Manifest.lock */,
				BFD09502224EBFC800953498 /* Sources */,
				BFD09503224EBFC800953498 /* Frameworks */,
				BFD09504224EBFC800953498 /* Resources */,
			);
			buildRules = (
			);
			dependencies = (
				BFD09508224EBFC800953498 /* PBXTargetDependency */,
			);
			name = InfectionControlUITests;
			productName = InfectionControlUITests;
			productReference = BFD09506224EBFC800953498 /* InfectionControlUITests.xctest */;
			productType = "com.apple.product-type.bundle.ui-testing";
		};
/* End PBXNativeTarget section */

/* Begin PBXProject section */
		BFD094DC224EBFC500953498 /* Project object */ = {
			isa = PBXProject;
			attributes = {
				LastSwiftUpdateCheck = 1020;
				LastUpgradeCheck = 1020;
				ORGANIZATIONNAME = "Nick Caceres";
				TargetAttributes = {
					BFD094E3224EBFC500953498 = {
						CreatedOnToolsVersion = 10.2;
					};
					BFD094FA224EBFC700953498 = {
						CreatedOnToolsVersion = 10.2;
						TestTargetID = BFD094E3224EBFC500953498;
					};
					BFD09505224EBFC800953498 = {
						CreatedOnToolsVersion = 10.2;
						TestTargetID = BFD094E3224EBFC500953498;
					};
				};
			};
			buildConfigurationList = BFD094DF224EBFC500953498 /* Build configuration list for PBXProject "InfectionControl" */;
			compatibilityVersion = "Xcode 9.3";
			developmentRegion = en;
			hasScannedForEncodings = 0;
			knownRegions = (
				en,
				Base,
			);
			mainGroup = BFD094DB224EBFC500953498;
			packageReferences = (
				BFBFA4782ADA443500A850CE /* XCRemoteSwiftPackageReference "Kingfisher" */,
			);
			productRefGroup = BFD094E5224EBFC500953498 /* Products */;
			projectDirPath = "";
			projectRoot = "";
			targets = (
				BFD094E3224EBFC500953498 /* InfectionControl */,
				BFD094FA224EBFC700953498 /* InfectionControlTests */,
				BFD09505224EBFC800953498 /* InfectionControlUITests */,
			);
		};
/* End PBXProject section */

/* Begin PBXResourcesBuildPhase section */
		BFD094E2224EBFC500953498 /* Resources */ = {
			isa = PBXResourcesBuildPhase;
			buildActionMask = 2147483647;
			files = (
				BFD094F5224EBFC700953498 /* LaunchScreen.storyboard in Resources */,
				BFE7D72522A1D29800A07942 /* Default-568h@2x.png in Resources */,
				BFD9418E29AF4D3F00F8A78D /* README.md in Resources */,
				BFD094F2224EBFC700953498 /* Assets.xcassets in Resources */,
				BFD094ED224EBFC600953498 /* Main.storyboard in Resources */,
			);
			runOnlyForDeploymentPostprocessing = 0;
		};
		BFD094F9224EBFC700953498 /* Resources */ = {
			isa = PBXResourcesBuildPhase;
			buildActionMask = 2147483647;
			files = (
			);
			runOnlyForDeploymentPostprocessing = 0;
		};
		BFD09504224EBFC800953498 /* Resources */ = {
			isa = PBXResourcesBuildPhase;
			buildActionMask = 2147483647;
			files = (
			);
			runOnlyForDeploymentPostprocessing = 0;
		};
/* End PBXResourcesBuildPhase section */

/* Begin PBXShellScriptBuildPhase section */
		07A42C678150AF7D882E55D0 /* [CP] Check Pods Manifest.lock */ = {
			isa = PBXShellScriptBuildPhase;
			buildActionMask = 2147483647;
			files = (
			);
			inputFileListPaths = (
			);
			inputPaths = (
				"${PODS_PODFILE_DIR_PATH}/Podfile.lock",
				"${PODS_ROOT}/Manifest.lock",
			);
			name = "[CP] Check Pods Manifest.lock";
			outputFileListPaths = (
			);
			outputPaths = (
				"$(DERIVED_FILE_DIR)/Pods-InfectionControlTests-checkManifestLockResult.txt",
			);
			runOnlyForDeploymentPostprocessing = 0;
			shellPath = /bin/sh;
			shellScript = "diff \"${PODS_PODFILE_DIR_PATH}/Podfile.lock\" \"${PODS_ROOT}/Manifest.lock\" > /dev/null\nif [ $? != 0 ] ; then\n    # print error to STDERR\n    echo \"error: The sandbox is not in sync with the Podfile.lock. Run 'pod install' or update your CocoaPods installation.\" >&2\n    exit 1\nfi\n# This output is used by Xcode 'outputs' to avoid re-running this script phase.\necho \"SUCCESS\" > \"${SCRIPT_OUTPUT_FILE_0}\"\n";
			showEnvVarsInLog = 0;
		};
		2878A7A9993B3C8BC1289938 /* [CP] Check Pods Manifest.lock */ = {
			isa = PBXShellScriptBuildPhase;
			buildActionMask = 2147483647;
			files = (
			);
			inputFileListPaths = (
			);
			inputPaths = (
				"${PODS_PODFILE_DIR_PATH}/Podfile.lock",
				"${PODS_ROOT}/Manifest.lock",
			);
			name = "[CP] Check Pods Manifest.lock";
			outputFileListPaths = (
			);
			outputPaths = (
				"$(DERIVED_FILE_DIR)/Pods-InfectionControl-checkManifestLockResult.txt",
			);
			runOnlyForDeploymentPostprocessing = 0;
			shellPath = /bin/sh;
			shellScript = "diff \"${PODS_PODFILE_DIR_PATH}/Podfile.lock\" \"${PODS_ROOT}/Manifest.lock\" > /dev/null\nif [ $? != 0 ] ; then\n    # print error to STDERR\n    echo \"error: The sandbox is not in sync with the Podfile.lock. Run 'pod install' or update your CocoaPods installation.\" >&2\n    exit 1\nfi\n# This output is used by Xcode 'outputs' to avoid re-running this script phase.\necho \"SUCCESS\" > \"${SCRIPT_OUTPUT_FILE_0}\"\n";
			showEnvVarsInLog = 0;
		};
		CB162D1EFEE7A8ED328C8C10 /* [CP] Check Pods Manifest.lock */ = {
			isa = PBXShellScriptBuildPhase;
			buildActionMask = 2147483647;
			files = (
			);
			inputFileListPaths = (
			);
			inputPaths = (
				"${PODS_PODFILE_DIR_PATH}/Podfile.lock",
				"${PODS_ROOT}/Manifest.lock",
			);
			name = "[CP] Check Pods Manifest.lock";
			outputFileListPaths = (
			);
			outputPaths = (
				"$(DERIVED_FILE_DIR)/Pods-InfectionControlUITests-checkManifestLockResult.txt",
			);
			runOnlyForDeploymentPostprocessing = 0;
			shellPath = /bin/sh;
			shellScript = "diff \"${PODS_PODFILE_DIR_PATH}/Podfile.lock\" \"${PODS_ROOT}/Manifest.lock\" > /dev/null\nif [ $? != 0 ] ; then\n    # print error to STDERR\n    echo \"error: The sandbox is not in sync with the Podfile.lock. Run 'pod install' or update your CocoaPods installation.\" >&2\n    exit 1\nfi\n# This output is used by Xcode 'outputs' to avoid re-running this script phase.\necho \"SUCCESS\" > \"${SCRIPT_OUTPUT_FILE_0}\"\n";
			showEnvVarsInLog = 0;
		};
/* End PBXShellScriptBuildPhase section */

/* Begin PBXSourcesBuildPhase section */
		BFD094E0224EBFC500953498 /* Sources */ = {
			isa = PBXSourcesBuildPhase;
			buildActionMask = 2147483647;
			files = (
				BF382CD32AC94A5F00838254 /* DataExtensions.swift in Sources */,
				BFC659E522965A770023CE7A /* ReportTableCellViewModel.swift in Sources */,
				BFFE07D72AAE5A5600503020 /* PrecautionRepository.swift in Sources */,
				BF2194FC2866914100FD769D /* EmployeeListSearchController.swift in Sources */,
				BF8E7257284F27FA008A8DEF /* EmployeeListView.swift in Sources */,
				BF55669622547242004A13C8 /* HealthPractice.swift in Sources */,
				BFA3D09D287297AA00C6112E /* CommonRowSubtitled.swift in Sources */,
				BFD84F4829B3B83B0060196D /* ReportDataSource.swift in Sources */,
				BFBC94B0283055DB00B7776E /* NetworkManagerProtocol.swift in Sources */,
				BFC659E9229677F70023CE7A /* CreateReportCvDelegate.swift in Sources */,
				BF8E725F2852FBF2008A8DEF /* EmployeePerformanceIcon.swift in Sources */,
				BF55669A2254725F004A13C8 /* Report.swift in Sources */,
				BF8E72642855D6EA008A8DEF /* TabBarConfig.swift in Sources */,
				BFF15EDF229518D50078F59C /* CreateReportViewModel.swift in Sources */,
				BFA3D093286EDE0500C6112E /* ViewExtensions.swift in Sources */,
				BFE7D72922A20A2F00A07942 /* AppNetworkManager.swift in Sources */,
				BF8E7253284DF656008A8DEF /* CommonUIViewFactory.swift in Sources */,
				BF8E7255284F0DFD008A8DEF /* EmployeeRow.swift in Sources */,
				BFFE07D52AAE59C000503020 /* LocationRepository.swift in Sources */,
				BF82706C29B02D50004542C8 /* EmployeeDataSource.swift in Sources */,
				BF55668F22546965004A13C8 /* Profession.swift in Sources */,
				BF55669222546E8C004A13C8 /* Employee.swift in Sources */,
				BF9D0E70228291F7003A8913 /* ReportTableViewCell.swift in Sources */,
				BFD094F0224EBFC600953498 /* InfectionControl.xcdatamodeld in Sources */,
				BFA3D0A12873BDBE00C6112E /* CommonStyling.swift in Sources */,
				BFA3D0982871621300C6112E /* CommonRowRightSubtitle.swift in Sources */,
				BF82706A29B02CE9004542C8 /* DataSourceGenerics.swift in Sources */,
				BFD84F4A29B3EC300060196D /* ReportRepository.swift in Sources */,
				BF82708329B03750004542C8 /* EmployeeListTableCellViewModel.swift in Sources */,
				BF85F82D2AAAAAC3009B41DF /* PrecautionDataSource.swift in Sources */,
				BFD84F4C29B3EF940060196D /* RepositoryGenerics.swift in Sources */,
				BF3A478E283C0D8400362F09 /* ProfileViewModel.swift in Sources */,
				BF5566982254724D004A13C8 /* Precaution.swift in Sources */,
				BF2194FA2866805400FD769D /* CreateReportVcPickerConfig.swift in Sources */,
				BF3A478A283C0C1600362F09 /* ProfileViewController.swift in Sources */,
				BF8E725D285073C7008A8DEF /* BasicShapes.swift in Sources */,
				BFE7D72722A1DB2B00A07942 /* EmployeeListTableViewCell.swift in Sources */,
				BF8E726828583895008A8DEF /* SettingsView.swift in Sources */,
				BF9A4F0D22ADE9A200769C49 /* UserDefaultsExtension.swift in Sources */,
				BF4C81C522AE148500341CD1 /* SettingsViewController.swift in Sources */,
				BF1A338F22582161009F48AA /* MakeNewReportCell.swift in Sources */,
				BF55668D22546169004A13C8 /* CreateReportCollectionView.swift in Sources */,
				BF1A339122585982009F48AA /* ReportSectionReusableView.swift in Sources */,
				BF9A4F0F22ADED1000769C49 /* UIColorExtension.swift in Sources */,
				BF8E7262285595F3008A8DEF /* ReportDetailView.swift in Sources */,
				BF2194F828667CF700FD769D /* ProfileListSection.swift in Sources */,
				BF9D0E7222829AA0003A8913 /* ReportTableViewController.swift in Sources */,
				BF3A478C283C0D4600362F09 /* ProfileView.swift in Sources */,
				BF85F8292AAAA9D5009B41DF /* HealthPracticeDataSource.swift in Sources */,
				BF29989428259C91008DE3E9 /* BaseTypeConvertibleProtocol.swift in Sources */,
				BFE2B57D229335F30096BA9C /* CreateReportViewController.swift in Sources */,
				BF85F82B2AAAAA59009B41DF /* LocationDataSource.swift in Sources */,
				BFA3D09B287164D600C6112E /* CommonRow.swift in Sources */,
				BF382CD12AC948D700838254 /* CodableDefaults.swift in Sources */,
				BFD094E8224EBFC500953498 /* AppDelegate.swift in Sources */,
				BF556694225470BD004A13C8 /* Location.swift in Sources */,
				BF8E726628571040008A8DEF /* BaseStyling.swift in Sources */,
				BFC659EB22967CB10023CE7A /* CreateReportCvDataSource.swift in Sources */,
				BF8E725B284FF49A008A8DEF /* ReportRow.swift in Sources */,
				BFC659E722965B290023CE7A /* ReportTableViewModel.swift in Sources */,
				BF82708529B0380D004542C8 /* EmployeeListViewModel.swift in Sources */,
				BFFE07D32AAE593900503020 /* HealthPracticeRepository.swift in Sources */,
				BF82706E29B02DAE004542C8 /* EmployeeRepository.swift in Sources */,
				BFA3D096287161D100C6112E /* NavigableRow.swift in Sources */,
				BF8E7259284FEAB8008A8DEF /* ReportListView.swift in Sources */,
				BFE76542229FD0460067A3C9 /* EmployeeListTableViewController.swift in Sources */,
				BF2194E4286183AC00FD769D /* CommonHeader.swift in Sources */,
			);
			runOnlyForDeploymentPostprocessing = 0;
		};
		BFD094F7224EBFC700953498 /* Sources */ = {
			isa = PBXSourcesBuildPhase;
			buildActionMask = 2147483647;
			files = (
				BF85F8332AAAFADE009B41DF /* PrecautionDataSourceTests.swift in Sources */,
				BFA5BE3F2AD84EFA003291F5 /* DataExtensionsTests.swift in Sources */,
				BFFE07D12AAD4E1900503020 /* MockReportDataSource.swift in Sources */,
				BF369D462ACAC3A20077DA93 /* JsonFactory.swift in Sources */,
				BF0ADCD3282CC77000A58BCB /* ReportTableCellViewModelTests.swift in Sources */,
				BF82708129B033C5004542C8 /* EmployeeRepositoryTests.swift in Sources */,
				BF8E724F2848A041008A8DEF /* CreateReportViewModelTests.swift in Sources */,
				BFE53F6829B4295F00B4846F /* RepositoryGenericsTests.swift in Sources */,
				BF8E724B28489DFD008A8DEF /* HealthPracticeTests.swift in Sources */,
				BF85F82F2AAAADFE009B41DF /* HealthPracticeDataSourceTests.swift in Sources */,
				BFD09500224EBFC700953498 /* InfectionControlTests.swift in Sources */,
				BF2194E62863E23200FD769D /* ProfileViewModelTests.swift in Sources */,
				BF291F192ABF4A2800AAB4C3 /* MockPrecautionRepository.swift in Sources */,
				BFA3D0A62873E44D00C6112E /* EmployeeTests.swift in Sources */,
				BFF831F029B5E3B800C7A837 /* ReportDataSourceTests.swift in Sources */,
				BF82708729B0467F004542C8 /* EmployeeListViewModelTests.swift in Sources */,
				BF2CAEC2280B54FB006AFF05 /* AppNetworkManagerTests.swift in Sources */,
				BFFE07CB2AAC46D400503020 /* MockHealthPracticeDataSource.swift in Sources */,
				BFFE07DD2AAE5B8400503020 /* PrecautionRepositoryTests.swift in Sources */,
				BF2CAEC02807FF25006AFF05 /* ReportTests.swift in Sources */,
				BF85CFBF281C889B0022F18E /* ProfessionDTOTests.swift in Sources */,
				BF291F172ABF49C900AAB4C3 /* MockLocationRepository.swift in Sources */,
				BF82707729B030E5004542C8 /* MockNetworking.swift in Sources */,
				BF85F8312AAAFAB8009B41DF /* LocationDataSourceTests.swift in Sources */,
				BFE53F6A29B431A000B4846F /* ReportRepositoryTests.swift in Sources */,
				BF0ADCD5282CC90D00A58BCB /* ReportTableViewModelTests.swift in Sources */,
				BFA3D0A42873E44000C6112E /* LocationTests.swift in Sources */,
				BF82707929B0320A004542C8 /* MockEmployeeDataSource.swift in Sources */,
				BF0711EF2AB612C20054F08A /* DataFactory.swift in Sources */,
				BFFE07CD2AAC475300503020 /* MockLocationDataSource.swift in Sources */,
				BFFE07CF2AAC47B700503020 /* MockPrecautionDataSource.swift in Sources */,
				BF145A612ABC1C5F001F00D9 /* MockError.swift in Sources */,
				BF3849FA281BCB8600670689 /* HealthPracticeDTOTests.swift in Sources */,
				BF82707B29B0328D004542C8 /* MockEmployeeRepository.swift in Sources */,
				BF291F132ABE61A600AAB4C3 /* MockReportRepository.swift in Sources */,
				BFFE07DB2AAE5B5300503020 /* LocationRepositoryTests.swift in Sources */,
				BF081E512AD1BD7D00F9DE83 /* ReportDTOTests.swift in Sources */,
				BF291F152ABE669D00AAB4C3 /* MockHealthPracticeRepository.swift in Sources */,
				BF3849F4281B8CBC00670689 /* LocationDTOTests.swift in Sources */,
				BFA3D0A82873E45D00C6112E /* ProfessionTests.swift in Sources */,
				BF8E7247284558C2008A8DEF /* UIColorExtensionTests.swift in Sources */,
				BFFE07D92AAE5B1500503020 /* HealthPracticeRepositoryTests.swift in Sources */,
				BF8E724D28489F7B008A8DEF /* PrecautionTests.swift in Sources */,
				BF3849FC281BCFAD00670689 /* PrecautionDTOTests.swift in Sources */,
				BF145A652ABC40BE001F00D9 /* MockCodable.swift in Sources */,
				BF82707F29B0338E004542C8 /* EmployeeDataSourceTests.swift in Sources */,
				BF82707D29B03359004542C8 /* DataSourceGenericsTests.swift in Sources */,
				BF85CFC1281E6C850022F18E /* EmployeeDTOTests.swift in Sources */,
			);
			runOnlyForDeploymentPostprocessing = 0;
		};
		BFD09502224EBFC800953498 /* Sources */ = {
			isa = PBXSourcesBuildPhase;
			buildActionMask = 2147483647;
			files = (
				BF2194E82864422A00FD769D /* ProfileViewUITests.swift in Sources */,
				BF2194EA2865A3EF00FD769D /* EmployeeTableViewRobot.swift in Sources */,
				BF2194F22865A61100FD769D /* SettingsViewRobot.swift in Sources */,
				BFD0950B224EBFC800953498 /* BaseUITests.swift in Sources */,
				BF2194F42865A66500FD769D /* ReportTableViewRobot.swift in Sources */,
				BF2194EC2865A43900FD769D /* BaseRobots.swift in Sources */,
				BF3A47872838C8BD00362F09 /* CreateReportCvRobot.swift in Sources */,
				BF8E7251284D78C0008A8DEF /* CreateReportVcUITests.swift in Sources */,
				BF2194EE2865A5AE00FD769D /* ProfileViewRobot.swift in Sources */,
				BF2194F02865A5ED00FD769D /* CreateReportViewRobot.swift in Sources */,
				BF2194F62865A77900FD769D /* SettingsViewUITests.swift in Sources */,
			);
			runOnlyForDeploymentPostprocessing = 0;
		};
/* End PBXSourcesBuildPhase section */

/* Begin PBXTargetDependency section */
		BFD094FD224EBFC700953498 /* PBXTargetDependency */ = {
			isa = PBXTargetDependency;
			target = BFD094E3224EBFC500953498 /* InfectionControl */;
			targetProxy = BFD094FC224EBFC700953498 /* PBXContainerItemProxy */;
		};
		BFD09508224EBFC800953498 /* PBXTargetDependency */ = {
			isa = PBXTargetDependency;
			target = BFD094E3224EBFC500953498 /* InfectionControl */;
			targetProxy = BFD09507224EBFC800953498 /* PBXContainerItemProxy */;
		};
/* End PBXTargetDependency section */

/* Begin PBXVariantGroup section */
		BFD094EB224EBFC600953498 /* Main.storyboard */ = {
			isa = PBXVariantGroup;
			children = (
				BFD094EC224EBFC600953498 /* Base */,
			);
			name = Main.storyboard;
			sourceTree = "<group>";
		};
		BFD094F3224EBFC700953498 /* LaunchScreen.storyboard */ = {
			isa = PBXVariantGroup;
			children = (
				BFD094F4224EBFC700953498 /* Base */,
			);
			name = LaunchScreen.storyboard;
			sourceTree = "<group>";
		};
/* End PBXVariantGroup section */

/* Begin XCBuildConfiguration section */
		BFD0950D224EBFC800953498 /* Debug */ = {
			isa = XCBuildConfiguration;
			buildSettings = {
				ALWAYS_SEARCH_USER_PATHS = NO;
				CLANG_ANALYZER_NONNULL = YES;
				CLANG_ANALYZER_NUMBER_OBJECT_CONVERSION = YES_AGGRESSIVE;
				CLANG_CXX_LANGUAGE_STANDARD = "gnu++14";
				CLANG_CXX_LIBRARY = "libc++";
				CLANG_ENABLE_MODULES = YES;
				CLANG_ENABLE_OBJC_ARC = YES;
				CLANG_ENABLE_OBJC_WEAK = YES;
				CLANG_WARN_BLOCK_CAPTURE_AUTORELEASING = YES;
				CLANG_WARN_BOOL_CONVERSION = YES;
				CLANG_WARN_COMMA = YES;
				CLANG_WARN_CONSTANT_CONVERSION = YES;
				CLANG_WARN_DEPRECATED_OBJC_IMPLEMENTATIONS = YES;
				CLANG_WARN_DIRECT_OBJC_ISA_USAGE = YES_ERROR;
				CLANG_WARN_DOCUMENTATION_COMMENTS = YES;
				CLANG_WARN_EMPTY_BODY = YES;
				CLANG_WARN_ENUM_CONVERSION = YES;
				CLANG_WARN_INFINITE_RECURSION = YES;
				CLANG_WARN_INT_CONVERSION = YES;
				CLANG_WARN_NON_LITERAL_NULL_CONVERSION = YES;
				CLANG_WARN_OBJC_IMPLICIT_RETAIN_SELF = YES;
				CLANG_WARN_OBJC_LITERAL_CONVERSION = YES;
				CLANG_WARN_OBJC_ROOT_CLASS = YES_ERROR;
				CLANG_WARN_QUOTED_INCLUDE_IN_FRAMEWORK_HEADER = YES;
				CLANG_WARN_RANGE_LOOP_ANALYSIS = YES;
				CLANG_WARN_STRICT_PROTOTYPES = YES;
				CLANG_WARN_SUSPICIOUS_MOVE = YES;
				CLANG_WARN_UNGUARDED_AVAILABILITY = YES_AGGRESSIVE;
				CLANG_WARN_UNREACHABLE_CODE = YES;
				CLANG_WARN__DUPLICATE_METHOD_MATCH = YES;
				CODE_SIGN_IDENTITY = "iPhone Developer";
				COPY_PHASE_STRIP = NO;
				DEBUG_INFORMATION_FORMAT = dwarf;
				DEFINES_MODULE = NO;
				ENABLE_STRICT_OBJC_MSGSEND = YES;
				ENABLE_TESTABILITY = YES;
				GCC_C_LANGUAGE_STANDARD = gnu11;
				GCC_DYNAMIC_NO_PIC = NO;
				GCC_NO_COMMON_BLOCKS = YES;
				GCC_OPTIMIZATION_LEVEL = 0;
				GCC_PREPROCESSOR_DEFINITIONS = (
					"DEBUG=1",
					"$(inherited)",
				);
				GCC_WARN_64_TO_32_BIT_CONVERSION = YES;
				GCC_WARN_ABOUT_RETURN_TYPE = YES_ERROR;
				GCC_WARN_UNDECLARED_SELECTOR = YES;
				GCC_WARN_UNINITIALIZED_AUTOS = YES_AGGRESSIVE;
				GCC_WARN_UNUSED_FUNCTION = YES;
				GCC_WARN_UNUSED_VARIABLE = YES;
				IPHONEOS_DEPLOYMENT_TARGET = 16.2;
				MTL_ENABLE_DEBUG_INFO = INCLUDE_SOURCE;
				MTL_FAST_MATH = YES;
				ONLY_ACTIVE_ARCH = YES;
				SDKROOT = iphoneos;
				SWIFT_ACTIVE_COMPILATION_CONDITIONS = DEBUG;
				SWIFT_OPTIMIZATION_LEVEL = "-Onone";
				SWIFT_VERSION = 5.0;
			};
			name = Debug;
		};
		BFD0950E224EBFC800953498 /* Release */ = {
			isa = XCBuildConfiguration;
			buildSettings = {
				ALWAYS_SEARCH_USER_PATHS = NO;
				CLANG_ANALYZER_NONNULL = YES;
				CLANG_ANALYZER_NUMBER_OBJECT_CONVERSION = YES_AGGRESSIVE;
				CLANG_CXX_LANGUAGE_STANDARD = "gnu++14";
				CLANG_CXX_LIBRARY = "libc++";
				CLANG_ENABLE_MODULES = YES;
				CLANG_ENABLE_OBJC_ARC = YES;
				CLANG_ENABLE_OBJC_WEAK = YES;
				CLANG_WARN_BLOCK_CAPTURE_AUTORELEASING = YES;
				CLANG_WARN_BOOL_CONVERSION = YES;
				CLANG_WARN_COMMA = YES;
				CLANG_WARN_CONSTANT_CONVERSION = YES;
				CLANG_WARN_DEPRECATED_OBJC_IMPLEMENTATIONS = YES;
				CLANG_WARN_DIRECT_OBJC_ISA_USAGE = YES_ERROR;
				CLANG_WARN_DOCUMENTATION_COMMENTS = YES;
				CLANG_WARN_EMPTY_BODY = YES;
				CLANG_WARN_ENUM_CONVERSION = YES;
				CLANG_WARN_INFINITE_RECURSION = YES;
				CLANG_WARN_INT_CONVERSION = YES;
				CLANG_WARN_NON_LITERAL_NULL_CONVERSION = YES;
				CLANG_WARN_OBJC_IMPLICIT_RETAIN_SELF = YES;
				CLANG_WARN_OBJC_LITERAL_CONVERSION = YES;
				CLANG_WARN_OBJC_ROOT_CLASS = YES_ERROR;
				CLANG_WARN_QUOTED_INCLUDE_IN_FRAMEWORK_HEADER = YES;
				CLANG_WARN_RANGE_LOOP_ANALYSIS = YES;
				CLANG_WARN_STRICT_PROTOTYPES = YES;
				CLANG_WARN_SUSPICIOUS_MOVE = YES;
				CLANG_WARN_UNGUARDED_AVAILABILITY = YES_AGGRESSIVE;
				CLANG_WARN_UNREACHABLE_CODE = YES;
				CLANG_WARN__DUPLICATE_METHOD_MATCH = YES;
				CODE_SIGN_IDENTITY = "iPhone Developer";
				COPY_PHASE_STRIP = NO;
				DEBUG_INFORMATION_FORMAT = "dwarf-with-dsym";
				DEFINES_MODULE = NO;
				ENABLE_NS_ASSERTIONS = NO;
				ENABLE_STRICT_OBJC_MSGSEND = YES;
				GCC_C_LANGUAGE_STANDARD = gnu11;
				GCC_NO_COMMON_BLOCKS = YES;
				GCC_WARN_64_TO_32_BIT_CONVERSION = YES;
				GCC_WARN_ABOUT_RETURN_TYPE = YES_ERROR;
				GCC_WARN_UNDECLARED_SELECTOR = YES;
				GCC_WARN_UNINITIALIZED_AUTOS = YES_AGGRESSIVE;
				GCC_WARN_UNUSED_FUNCTION = YES;
				GCC_WARN_UNUSED_VARIABLE = YES;
				IPHONEOS_DEPLOYMENT_TARGET = 16.2;
				MTL_ENABLE_DEBUG_INFO = NO;
				MTL_FAST_MATH = YES;
				SDKROOT = iphoneos;
				SWIFT_COMPILATION_MODE = wholemodule;
				SWIFT_OPTIMIZATION_LEVEL = "-O";
				SWIFT_VERSION = 5.0;
				VALIDATE_PRODUCT = YES;
			};
			name = Release;
		};
		BFD09510224EBFC800953498 /* Debug */ = {
			isa = XCBuildConfiguration;
			baseConfigurationReference = 2A8483825F1F40EC54B20B5A /* Pods-InfectionControl.debug.xcconfig */;
			buildSettings = {
				ASSETCATALOG_COMPILER_APPICON_NAME = AppIcon;
				CODE_SIGN_STYLE = Automatic;
				INFOPLIST_FILE = "$(SRCROOT)/InfectionControl/Supporting Files/Info.plist";
				LD_RUNPATH_SEARCH_PATHS = (
					"$(inherited)",
					"@executable_path/Frameworks",
				);
				PRODUCT_BUNDLE_IDENTIFIER = com.NLCaceres.InfectionControl;
				PRODUCT_NAME = "$(TARGET_NAME)";
				SWIFT_VERSION = 5.0;
				TARGETED_DEVICE_FAMILY = "1,2";
			};
			name = Debug;
		};
		BFD09511224EBFC800953498 /* Release */ = {
			isa = XCBuildConfiguration;
			baseConfigurationReference = 78E1268A6EEC2F8D1A758D2A /* Pods-InfectionControl.release.xcconfig */;
			buildSettings = {
				ASSETCATALOG_COMPILER_APPICON_NAME = AppIcon;
				CODE_SIGN_STYLE = Automatic;
				INFOPLIST_FILE = "$(SRCROOT)/InfectionControl/Supporting Files/Info.plist";
				LD_RUNPATH_SEARCH_PATHS = (
					"$(inherited)",
					"@executable_path/Frameworks",
				);
				PRODUCT_BUNDLE_IDENTIFIER = com.NLCaceres.InfectionControl;
				PRODUCT_NAME = "$(TARGET_NAME)";
				SWIFT_VERSION = 5.0;
				TARGETED_DEVICE_FAMILY = "1,2";
			};
			name = Release;
		};
		BFD09513224EBFC800953498 /* Debug */ = {
			isa = XCBuildConfiguration;
			baseConfigurationReference = 306FBE79199CDFA1CC96909D /* Pods-InfectionControlTests.debug.xcconfig */;
			buildSettings = {
				ALWAYS_EMBED_SWIFT_STANDARD_LIBRARIES = "$(inherited)";
				BUNDLE_LOADER = "$(TEST_HOST)";
				CODE_SIGN_STYLE = Automatic;
				INFOPLIST_FILE = InfectionControlTests/Info.plist;
				LD_RUNPATH_SEARCH_PATHS = (
					"$(inherited)",
					"@executable_path/Frameworks",
					"@loader_path/Frameworks",
				);
				PRODUCT_BUNDLE_IDENTIFIER = com.NLCaceres.InfectionControlTests;
				PRODUCT_NAME = "$(TARGET_NAME)";
				SWIFT_VERSION = 5.0;
				TARGETED_DEVICE_FAMILY = "1,2";
				TEST_HOST = "$(BUILT_PRODUCTS_DIR)/InfectionControl.app/InfectionControl";
			};
			name = Debug;
		};
		BFD09514224EBFC800953498 /* Release */ = {
			isa = XCBuildConfiguration;
			baseConfigurationReference = 2590C9ACBD049FBE02BB4C70 /* Pods-InfectionControlTests.release.xcconfig */;
			buildSettings = {
				ALWAYS_EMBED_SWIFT_STANDARD_LIBRARIES = "$(inherited)";
				BUNDLE_LOADER = "$(TEST_HOST)";
				CODE_SIGN_STYLE = Automatic;
				INFOPLIST_FILE = InfectionControlTests/Info.plist;
				LD_RUNPATH_SEARCH_PATHS = (
					"$(inherited)",
					"@executable_path/Frameworks",
					"@loader_path/Frameworks",
				);
				PRODUCT_BUNDLE_IDENTIFIER = com.NLCaceres.InfectionControlTests;
				PRODUCT_NAME = "$(TARGET_NAME)";
				SWIFT_VERSION = 5.0;
				TARGETED_DEVICE_FAMILY = "1,2";
				TEST_HOST = "$(BUILT_PRODUCTS_DIR)/InfectionControl.app/InfectionControl";
			};
			name = Release;
		};
		BFD09516224EBFC800953498 /* Debug */ = {
			isa = XCBuildConfiguration;
			baseConfigurationReference = A377BC2801955B2C2DA5FD0A /* Pods-InfectionControlUITests.debug.xcconfig */;
			buildSettings = {
				ALWAYS_EMBED_SWIFT_STANDARD_LIBRARIES = "$(inherited)";
				CODE_SIGN_STYLE = Automatic;
				INFOPLIST_FILE = InfectionControlUITests/Info.plist;
				LD_RUNPATH_SEARCH_PATHS = (
					"$(inherited)",
					"@executable_path/Frameworks",
					"@loader_path/Frameworks",
				);
				PRODUCT_BUNDLE_IDENTIFIER = com.NLCaceres.InfectionControlUITests;
				PRODUCT_NAME = "$(TARGET_NAME)";
				SWIFT_VERSION = 5.0;
				TARGETED_DEVICE_FAMILY = "1,2";
				TEST_TARGET_NAME = InfectionControl;
			};
			name = Debug;
		};
		BFD09517224EBFC800953498 /* Release */ = {
			isa = XCBuildConfiguration;
			baseConfigurationReference = 3F5C51FBB0D5CAC70BA7AA6E /* Pods-InfectionControlUITests.release.xcconfig */;
			buildSettings = {
				ALWAYS_EMBED_SWIFT_STANDARD_LIBRARIES = "$(inherited)";
				CODE_SIGN_STYLE = Automatic;
				INFOPLIST_FILE = InfectionControlUITests/Info.plist;
				LD_RUNPATH_SEARCH_PATHS = (
					"$(inherited)",
					"@executable_path/Frameworks",
					"@loader_path/Frameworks",
				);
				PRODUCT_BUNDLE_IDENTIFIER = com.NLCaceres.InfectionControlUITests;
				PRODUCT_NAME = "$(TARGET_NAME)";
				SWIFT_VERSION = 5.0;
				TARGETED_DEVICE_FAMILY = "1,2";
				TEST_TARGET_NAME = InfectionControl;
			};
			name = Release;
		};
/* End XCBuildConfiguration section */

/* Begin XCConfigurationList section */
		BFD094DF224EBFC500953498 /* Build configuration list for PBXProject "InfectionControl" */ = {
			isa = XCConfigurationList;
			buildConfigurations = (
				BFD0950D224EBFC800953498 /* Debug */,
				BFD0950E224EBFC800953498 /* Release */,
			);
			defaultConfigurationIsVisible = 0;
			defaultConfigurationName = Release;
		};
		BFD0950F224EBFC800953498 /* Build configuration list for PBXNativeTarget "InfectionControl" */ = {
			isa = XCConfigurationList;
			buildConfigurations = (
				BFD09510224EBFC800953498 /* Debug */,
				BFD09511224EBFC800953498 /* Release */,
			);
			defaultConfigurationIsVisible = 0;
			defaultConfigurationName = Release;
		};
		BFD09512224EBFC800953498 /* Build configuration list for PBXNativeTarget "InfectionControlTests" */ = {
			isa = XCConfigurationList;
			buildConfigurations = (
				BFD09513224EBFC800953498 /* Debug */,
				BFD09514224EBFC800953498 /* Release */,
			);
			defaultConfigurationIsVisible = 0;
			defaultConfigurationName = Release;
		};
		BFD09515224EBFC800953498 /* Build configuration list for PBXNativeTarget "InfectionControlUITests" */ = {
			isa = XCConfigurationList;
			buildConfigurations = (
				BFD09516224EBFC800953498 /* Debug */,
				BFD09517224EBFC800953498 /* Release */,
			);
			defaultConfigurationIsVisible = 0;
			defaultConfigurationName = Release;
		};
/* End XCConfigurationList section */

/* Begin XCRemoteSwiftPackageReference section */
		BFBFA4782ADA443500A850CE /* XCRemoteSwiftPackageReference "Kingfisher" */ = {
			isa = XCRemoteSwiftPackageReference;
			repositoryURL = "https://github.com/onevcat/Kingfisher.git";
			requirement = {
				kind = upToNextMajorVersion;
				minimumVersion = 7.0.0;
			};
		};
/* End XCRemoteSwiftPackageReference section */

/* Begin XCSwiftPackageProductDependency section */
		BFBFA4792ADA443500A850CE /* Kingfisher */ = {
			isa = XCSwiftPackageProductDependency;
			package = BFBFA4782ADA443500A850CE /* XCRemoteSwiftPackageReference "Kingfisher" */;
			productName = Kingfisher;
		};
/* End XCSwiftPackageProductDependency section */

/* Begin XCVersionGroup section */
		BFD094EE224EBFC600953498 /* InfectionControl.xcdatamodeld */ = {
			isa = XCVersionGroup;
			children = (
				BFD094EF224EBFC600953498 /* InfectionControl.xcdatamodel */,
			);
			currentVersion = BFD094EF224EBFC600953498 /* InfectionControl.xcdatamodel */;
			path = InfectionControl.xcdatamodeld;
			sourceTree = "<group>";
			versionGroupType = wrapper.xcdatamodel;
		};
/* End XCVersionGroup section */
	};
	rootObject = BFD094DC224EBFC500953498 /* Project object */;
}
